{
  "object": {
    "pins": [
      {
        "package": "MyPackage",
        "repositoryURL": "https://github.com/Leo-Lem/MyPackage",
        "state": {
          "branch": "main",
          "revision": "db682aa0dfb6b28890c0dc6853a0a6fecb0ce266",
          "version": null
        }
      }
    ]
  },
  "version": 1
}
