{
  "object": {
    "pins": [
      {
        "package": "MyPackage",
        "repositoryURL": "https://github.com/Leo-Lem/MyPackage",
        "state": {
          "branch": "main",
          "revision": "74ce0acbe130400ffa330913832df441acb7e70a",
          "version": null
        }
      }
    ]
  },
  "version": 1
}
