// !$*UTF8*$!
{
	archiveVersion = 1;
	classes = {
	};
	objectVersion = 77;
	objects = {

/* Begin PBXBuildFile section */
		6E0CFED22E43ADB100D24DBF /* LeaderboardView.swift in Sources */ = {isa = PBXBuildFile; fileRef = 6E0CFECC2E43A05500D24DBF /* LeaderboardView.swift */; };
		6E0CFED32E43AEF400D24DBF /* AnagramsView.swift in Sources */ = {isa = PBXBuildFile; fileRef = 6E46016E2E4389EE0083928F /* AnagramsView.swift */; };
		6E0CFED42E43AEF400D24DBF /* RootSelecter.swift in Sources */ = {isa = PBXBuildFile; fileRef = 6E0CFED02E43A79500D24DBF /* RootSelecter.swift */; };
		6E0CFED52E43AEF400D24DBF /* GameView.swift in Sources */ = {isa = PBXBuildFile; fileRef = 6E0CFECE2E43A53A00D24DBF /* GameView.swift */; };
		6E4601772E438B4F0083928F /* Extensions in Frameworks */ = {isa = PBXBuildFile; productRef = 6E4601762E438B4F0083928F /* Extensions */; };
		6E4601792E438B4F0083928F /* SwiftUIExtensions in Frameworks */ = {isa = PBXBuildFile; productRef = 6E4601782E438B4F0083928F /* SwiftUIExtensions */; };
		6E46017B2E438C4C0083928F /* Localizable.xcstrings in Resources */ = {isa = PBXBuildFile; fileRef = 6E46017A2E438C470083928F /* Localizable.xcstrings */; };
		6E46018E2E438E7F0083928F /* Words in Frameworks */ = {isa = PBXBuildFile; productRef = 6E46018D2E438E7F0083928F /* Words */; };
		6ED7DAC52791BAAD00914046 /* Anagrams.swift in Sources */ = {isa = PBXBuildFile; fileRef = 6ED7DAC42791BAAD00914046 /* Anagrams.swift */; };
/* End PBXBuildFile section */

/* Begin PBXFileReference section */
		6E0CFECC2E43A05500D24DBF /* LeaderboardView.swift */ = {isa = PBXFileReference; lastKnownFileType = sourcecode.swift; path = LeaderboardView.swift; sourceTree = "<group>"; };
		6E0CFECE2E43A53A00D24DBF /* GameView.swift */ = {isa = PBXFileReference; lastKnownFileType = sourcecode.swift; path = GameView.swift; sourceTree = "<group>"; };
		6E0CFED02E43A79500D24DBF /* RootSelecter.swift */ = {isa = PBXFileReference; lastKnownFileType = sourcecode.swift; path = RootSelecter.swift; sourceTree = "<group>"; };
		6E2C41B72D5F837A00B86530 /* features */ = {isa = PBXFileReference; lastKnownFileType = wrapper; path = features; sourceTree = "<group>"; };
		6E2C41CD2D5F91E600B86530 /* library */ = {isa = PBXFileReference; lastKnownFileType = wrapper; path = library; sourceTree = "<group>"; };
		6E46016E2E4389EE0083928F /* AnagramsView.swift */ = {isa = PBXFileReference; lastKnownFileType = sourcecode.swift; path = AnagramsView.swift; sourceTree = "<group>"; };
		6E46017A2E438C470083928F /* Localizable.xcstrings */ = {isa = PBXFileReference; lastKnownFileType = text.json.xcstrings; path = Localizable.xcstrings; sourceTree = "<group>"; };
		6E6D76CA2D5F966700A21857 /* extensions */ = {isa = PBXFileReference; lastKnownFileType = wrapper; path = extensions; sourceTree = "<group>"; };
		6E8895EF2D662BBC0097118D /* Anagrams.app */ = {isa = PBXFileReference; explicitFileType = wrapper.application; includeInIndex = 0; path = Anagrams.app; sourceTree = BUILT_PRODUCTS_DIR; };
		6EA6A1F92D5F76C900F152D0 /* README.md */ = {isa = PBXFileReference; lastKnownFileType = net.daringfireball.markdown; path = README.md; sourceTree = "<group>"; };
		6EA6A1FB2D5F76EE00F152D0 /* LICENSE */ = {isa = PBXFileReference; lastKnownFileType = text; path = LICENSE; sourceTree = "<group>"; };
		6ED7DAC42791BAAD00914046 /* Anagrams.swift */ = {isa = PBXFileReference; lastKnownFileType = sourcecode.swift; path = Anagrams.swift; sourceTree = "<group>"; };
/* End PBXFileReference section */

/* Begin PBXFileSystemSynchronizedBuildFileExceptionSet section */
		6E4601892E438E270083928F /* Exceptions for "comps" folder in "Anagrams" target */ = {
			isa = PBXFileSystemSynchronizedBuildFileExceptionSet;
			membershipExceptions = (
				notification.swift,
				SubmittableTextField.swift,
				WordList.swift,
			);
			target = 6ED7DAC02791BAAD00914046 /* Anagrams */;
		};
		6E4601902E4390680083928F /* Exceptions for "types" folder in "Anagrams" target */ = {
			isa = PBXFileSystemSynchronizedBuildFileExceptionSet;
			membershipExceptions = (
				Game.swift,
				Language.swift,
			);
			target = 6ED7DAC02791BAAD00914046 /* Anagrams */;
		};
		6E57A6282D612F3F006C34DD /* Exceptions for "resource" folder in "Anagrams" target */ = {
			isa = PBXFileSystemSynchronizedBuildFileExceptionSet;
			membershipExceptions = (
				Assets.xcassets,
			);
			target = 6ED7DAC02791BAAD00914046 /* Anagrams */;
		};
/* End PBXFileSystemSynchronizedBuildFileExceptionSet section */

/* Begin PBXFileSystemSynchronizedRootGroup section */
		6E46017E2E438E140083928F /* comps */ = {
			isa = PBXFileSystemSynchronizedRootGroup;
			exceptions = (
				6E4601892E438E270083928F /* Exceptions for "comps" folder in "Anagrams" target */,
			);
			path = comps;
			sourceTree = "<group>";
		};
		6E46018F2E4390650083928F /* types */ = {
			isa = PBXFileSystemSynchronizedRootGroup;
			exceptions = (
				6E4601902E4390680083928F /* Exceptions for "types" folder in "Anagrams" target */,
			);
			path = types;
			sourceTree = "<group>";
		};
		6EA306392D61194B007041E5 /* test */ = {
			isa = PBXFileSystemSynchronizedRootGroup;
			path = test;
			sourceTree = "<group>";
		};
		6EA6A1FD2D5F776E00F152D0 /* resource */ = {
			isa = PBXFileSystemSynchronizedRootGroup;
			exceptions = (
				6E57A6282D612F3F006C34DD /* Exceptions for "resource" folder in "Anagrams" target */,
			);
			path = resource;
			sourceTree = "<group>";
		};
/* End PBXFileSystemSynchronizedRootGroup section */

/* Begin PBXFrameworksBuildPhase section */
		6ED7DABE2791BAAD00914046 /* Frameworks */ = {
			isa = PBXFrameworksBuildPhase;
			buildActionMask = 2147483647;
			files = (
				6E46018E2E438E7F0083928F /* Words in Frameworks */,
				6E4601792E438B4F0083928F /* SwiftUIExtensions in Frameworks */,
				6E4601772E438B4F0083928F /* Extensions in Frameworks */,
			);
			runOnlyForDeploymentPostprocessing = 0;
		};
/* End PBXFrameworksBuildPhase section */

/* Begin PBXGroup section */
		6ED7DAB82791BAAD00914046 = {
			isa = PBXGroup;
			children = (
				6EA6A1F92D5F76C900F152D0 /* README.md */,
				6ED7DAC42791BAAD00914046 /* Anagrams.swift */,
				6E46016E2E4389EE0083928F /* AnagramsView.swift */,
				6E0CFED02E43A79500D24DBF /* RootSelecter.swift */,
				6E0CFECE2E43A53A00D24DBF /* GameView.swift */,
				6E0CFECC2E43A05500D24DBF /* LeaderboardView.swift */,
				6E46017A2E438C470083928F /* Localizable.xcstrings */,
				6E46018F2E4390650083928F /* types */,
				6E46017E2E438E140083928F /* comps */,
				6E2C41B72D5F837A00B86530 /* features */,
				6E2C41CD2D5F91E600B86530 /* library */,
				6E6D76CA2D5F966700A21857 /* extensions */,
				6EA306392D61194B007041E5 /* test */,
				6EA6A1FD2D5F776E00F152D0 /* resource */,
				6EA6A1FB2D5F76EE00F152D0 /* LICENSE */,
				6E8895EF2D662BBC0097118D /* Anagrams.app */,
			);
			sourceTree = "<group>";
		};
/* End PBXGroup section */

/* Begin PBXNativeTarget section */
		6ED7DAC02791BAAD00914046 /* Anagrams */ = {
			isa = PBXNativeTarget;
			buildConfigurationList = 6ED7DAE52791BAAE00914046 /* Build configuration list for PBXNativeTarget "Anagrams" */;
			buildPhases = (
				6ED7DABD2791BAAD00914046 /* Sources */,
				6ED7DABE2791BAAD00914046 /* Frameworks */,
				6ED7DABF2791BAAD00914046 /* Resources */,
			);
			buildRules = (
			);
			dependencies = (
				6E2C41B62D5F832F00B86530 /* PBXTargetDependency */,
			);
			name = Anagrams;
			packageProductDependencies = (
				6E4601762E438B4F0083928F /* Extensions */,
				6E4601782E438B4F0083928F /* SwiftUIExtensions */,
				6E46018D2E438E7F0083928F /* Words */,
			);
			productName = Anagrams;
			productReference = 6E8895EF2D662BBC0097118D /* Anagrams.app */;
			productType = "com.apple.product-type.application";
		};
/* End PBXNativeTarget section */

/* Begin PBXProject section */
		6ED7DAB92791BAAD00914046 /* Project object */ = {
			isa = PBXProject;
			attributes = {
				BuildIndependentTargetsInParallel = 1;
				LastSwiftUpdateCheck = 1320;
				LastUpgradeCheck = 2600;
				TargetAttributes = {
					6ED7DAC02791BAAD00914046 = {
						CreatedOnToolsVersion = 13.2;
					};
				};
			};
			buildConfigurationList = 6ED7DABC2791BAAD00914046 /* Build configuration list for PBXProject "anagrams" */;
			developmentRegion = en;
			hasScannedForEncodings = 0;
			knownRegions = (
				en,
				de,
				Base,
			);
			mainGroup = 6ED7DAB82791BAAD00914046;
			packageReferences = (
				6E2C41B42D5F832300B86530 /* XCRemoteSwiftPackageReference "SwiftLintPlugins" */,
				6E4601752E438B4F0083928F /* XCLocalSwiftPackageReference "extensions" */,
				6E46018C2E438E7F0083928F /* XCLocalSwiftPackageReference "library" */,
			);
			preferredProjectObjectVersion = 77;
			productRefGroup = 6ED7DAB82791BAAD00914046;
			projectDirPath = "";
			projectRoot = "";
			targets = (
				6ED7DAC02791BAAD00914046 /* Anagrams */,
			);
		};
/* End PBXProject section */

/* Begin PBXResourcesBuildPhase section */
		6ED7DABF2791BAAD00914046 /* Resources */ = {
			isa = PBXResourcesBuildPhase;
			buildActionMask = 2147483647;
			files = (
				6E46017B2E438C4C0083928F /* Localizable.xcstrings in Resources */,
			);
			runOnlyForDeploymentPostprocessing = 0;
		};
/* End PBXResourcesBuildPhase section */

/* Begin PBXSourcesBuildPhase section */
		6ED7DABD2791BAAD00914046 /* Sources */ = {
			isa = PBXSourcesBuildPhase;
			buildActionMask = 2147483647;
			files = (
				6E0CFED32E43AEF400D24DBF /* AnagramsView.swift in Sources */,
				6E0CFED42E43AEF400D24DBF /* RootSelecter.swift in Sources */,
				6E0CFED52E43AEF400D24DBF /* GameView.swift in Sources */,
				6ED7DAC52791BAAD00914046 /* Anagrams.swift in Sources */,
				6E0CFED22E43ADB100D24DBF /* LeaderboardView.swift in Sources */,
			);
			runOnlyForDeploymentPostprocessing = 0;
		};
/* End PBXSourcesBuildPhase section */

/* Begin PBXTargetDependency section */
		6E2C41B62D5F832F00B86530 /* PBXTargetDependency */ = {
			isa = PBXTargetDependency;
			productRef = 6E2C41B52D5F832F00B86530 /* SwiftLintBuildToolPlugin */;
		};
/* End PBXTargetDependency section */

/* Begin XCBuildConfiguration section */
		6ED7DAE32791BAAE00914046 /* Debug */ = {
			isa = XCBuildConfiguration;
			buildSettings = {
				ALWAYS_SEARCH_USER_PATHS = NO;
				ASSETCATALOG_COMPILER_GENERATE_SWIFT_ASSET_SYMBOL_EXTENSIONS = YES;
				CLANG_ANALYZER_LOCALIZABILITY_NONLOCALIZED = YES;
				CLANG_ANALYZER_NONNULL = YES;
				CLANG_ANALYZER_NUMBER_OBJECT_CONVERSION = YES_AGGRESSIVE;
				CLANG_CXX_LANGUAGE_STANDARD = "gnu++17";
				CLANG_CXX_LIBRARY = "libc++";
				CLANG_ENABLE_MODULES = YES;
				CLANG_ENABLE_OBJC_ARC = YES;
				CLANG_ENABLE_OBJC_WEAK = YES;
				CLANG_WARN_BLOCK_CAPTURE_AUTORELEASING = YES;
				CLANG_WARN_BOOL_CONVERSION = YES;
				CLANG_WARN_COMMA = YES;
				CLANG_WARN_CONSTANT_CONVERSION = YES;
				CLANG_WARN_DEPRECATED_OBJC_IMPLEMENTATIONS = YES;
				CLANG_WARN_DIRECT_OBJC_ISA_USAGE = YES_ERROR;
				CLANG_WARN_DOCUMENTATION_COMMENTS = YES;
				CLANG_WARN_EMPTY_BODY = YES;
				CLANG_WARN_ENUM_CONVERSION = YES;
				CLANG_WARN_INFINITE_RECURSION = YES;
				CLANG_WARN_INT_CONVERSION = YES;
				CLANG_WARN_NON_LITERAL_NULL_CONVERSION = YES;
				CLANG_WARN_OBJC_IMPLICIT_RETAIN_SELF = YES;
				CLANG_WARN_OBJC_LITERAL_CONVERSION = YES;
				CLANG_WARN_OBJC_ROOT_CLASS = YES_ERROR;
				CLANG_WARN_QUOTED_INCLUDE_IN_FRAMEWORK_HEADER = YES;
				CLANG_WARN_RANGE_LOOP_ANALYSIS = YES;
				CLANG_WARN_STRICT_PROTOTYPES = YES;
				CLANG_WARN_SUSPICIOUS_MOVE = YES;
				CLANG_WARN_UNGUARDED_AVAILABILITY = YES_AGGRESSIVE;
				CLANG_WARN_UNREACHABLE_CODE = YES;
				CLANG_WARN__DUPLICATE_METHOD_MATCH = YES;
				COPY_PHASE_STRIP = NO;
				DEBUG_INFORMATION_FORMAT = dwarf;
				DEVELOPMENT_TEAM = 4UUEFBYP76;
				ENABLE_STRICT_OBJC_MSGSEND = YES;
				ENABLE_TESTABILITY = YES;
				ENABLE_USER_SCRIPT_SANDBOXING = YES;
				GCC_C_LANGUAGE_STANDARD = gnu11;
				GCC_DYNAMIC_NO_PIC = NO;
				GCC_NO_COMMON_BLOCKS = YES;
				GCC_OPTIMIZATION_LEVEL = 0;
				GCC_PREPROCESSOR_DEFINITIONS = (
					"DEBUG=1",
					"$(inherited)",
				);
				GCC_WARN_64_TO_32_BIT_CONVERSION = YES;
				GCC_WARN_ABOUT_RETURN_TYPE = YES_ERROR;
				GCC_WARN_UNDECLARED_SELECTOR = YES;
				GCC_WARN_UNINITIALIZED_AUTOS = YES_AGGRESSIVE;
				GCC_WARN_UNUSED_FUNCTION = YES;
				GCC_WARN_UNUSED_VARIABLE = YES;
				IPHONEOS_DEPLOYMENT_TARGET = 15.0;
				MTL_ENABLE_DEBUG_INFO = INCLUDE_SOURCE;
				MTL_FAST_MATH = YES;
				ONLY_ACTIVE_ARCH = YES;
				SDKROOT = iphoneos;
				STRING_CATALOG_GENERATE_SYMBOLS = YES;
				SWIFT_ACTIVE_COMPILATION_CONDITIONS = DEBUG;
				SWIFT_OPTIMIZATION_LEVEL = "-Onone";
			};
			name = Debug;
		};
		6ED7DAE42791BAAE00914046 /* Release */ = {
			isa = XCBuildConfiguration;
			buildSettings = {
				ALWAYS_SEARCH_USER_PATHS = NO;
				ASSETCATALOG_COMPILER_GENERATE_SWIFT_ASSET_SYMBOL_EXTENSIONS = YES;
				CLANG_ANALYZER_LOCALIZABILITY_NONLOCALIZED = YES;
				CLANG_ANALYZER_NONNULL = YES;
				CLANG_ANALYZER_NUMBER_OBJECT_CONVERSION = YES_AGGRESSIVE;
				CLANG_CXX_LANGUAGE_STANDARD = "gnu++17";
				CLANG_CXX_LIBRARY = "libc++";
				CLANG_ENABLE_MODULES = YES;
				CLANG_ENABLE_OBJC_ARC = YES;
				CLANG_ENABLE_OBJC_WEAK = YES;
				CLANG_WARN_BLOCK_CAPTURE_AUTORELEASING = YES;
				CLANG_WARN_BOOL_CONVERSION = YES;
				CLANG_WARN_COMMA = YES;
				CLANG_WARN_CONSTANT_CONVERSION = YES;
				CLANG_WARN_DEPRECATED_OBJC_IMPLEMENTATIONS = YES;
				CLANG_WARN_DIRECT_OBJC_ISA_USAGE = YES_ERROR;
				CLANG_WARN_DOCUMENTATION_COMMENTS = YES;
				CLANG_WARN_EMPTY_BODY = YES;
				CLANG_WARN_ENUM_CONVERSION = YES;
				CLANG_WARN_INFINITE_RECURSION = YES;
				CLANG_WARN_INT_CONVERSION = YES;
				CLANG_WARN_NON_LITERAL_NULL_CONVERSION = YES;
				CLANG_WARN_OBJC_IMPLICIT_RETAIN_SELF = YES;
				CLANG_WARN_OBJC_LITERAL_CONVERSION = YES;
				CLANG_WARN_OBJC_ROOT_CLASS = YES_ERROR;
				CLANG_WARN_QUOTED_INCLUDE_IN_FRAMEWORK_HEADER = YES;
				CLANG_WARN_RANGE_LOOP_ANALYSIS = YES;
				CLANG_WARN_STRICT_PROTOTYPES = YES;
				CLANG_WARN_SUSPICIOUS_MOVE = YES;
				CLANG_WARN_UNGUARDED_AVAILABILITY = YES_AGGRESSIVE;
				CLANG_WARN_UNREACHABLE_CODE = YES;
				CLANG_WARN__DUPLICATE_METHOD_MATCH = YES;
				COPY_PHASE_STRIP = NO;
				DEBUG_INFORMATION_FORMAT = "dwarf-with-dsym";
				DEVELOPMENT_TEAM = 4UUEFBYP76;
				ENABLE_NS_ASSERTIONS = NO;
				ENABLE_STRICT_OBJC_MSGSEND = YES;
				ENABLE_USER_SCRIPT_SANDBOXING = YES;
				GCC_C_LANGUAGE_STANDARD = gnu11;
				GCC_NO_COMMON_BLOCKS = YES;
				GCC_WARN_64_TO_32_BIT_CONVERSION = YES;
				GCC_WARN_ABOUT_RETURN_TYPE = YES_ERROR;
				GCC_WARN_UNDECLARED_SELECTOR = YES;
				GCC_WARN_UNINITIALIZED_AUTOS = YES_AGGRESSIVE;
				GCC_WARN_UNUSED_FUNCTION = YES;
				GCC_WARN_UNUSED_VARIABLE = YES;
				IPHONEOS_DEPLOYMENT_TARGET = 15.0;
				MTL_ENABLE_DEBUG_INFO = NO;
				MTL_FAST_MATH = YES;
				SDKROOT = iphoneos;
				STRING_CATALOG_GENERATE_SYMBOLS = YES;
				SWIFT_COMPILATION_MODE = wholemodule;
				SWIFT_OPTIMIZATION_LEVEL = "-O";
				VALIDATE_PRODUCT = YES;
			};
			name = Release;
		};
		6ED7DAE62791BAAE00914046 /* Debug */ = {
			isa = XCBuildConfiguration;
			buildSettings = {
				ASSETCATALOG_COMPILER_APPICON_NAME = AppIcon;
				ASSETCATALOG_COMPILER_GLOBAL_ACCENT_COLOR_NAME = AccentColor;
				CODE_SIGN_ENTITLEMENTS = resource/entitlements.entitlements;
				CODE_SIGN_STYLE = Automatic;
				CURRENT_PROJECT_VERSION = 1;
				ENABLE_PREVIEWS = YES;
				GENERATE_INFOPLIST_FILE = YES;
				INFOPLIST_FILE = resource/info.plist;
				INFOPLIST_KEY_CFBundleDisplayName = Anagrams;
				INFOPLIST_KEY_LSApplicationCategoryType = "public.app-category.word-games";
				INFOPLIST_KEY_UIApplicationSceneManifest_Generation = YES;
				INFOPLIST_KEY_UIApplicationSupportsIndirectInputEvents = YES;
				INFOPLIST_KEY_UILaunchScreen_Generation = YES;
				INFOPLIST_KEY_UISupportedInterfaceOrientations = UIInterfaceOrientationPortrait;
				INFOPLIST_KEY_UISupportedInterfaceOrientations_iPad = "UIInterfaceOrientationLandscapeLeft UIInterfaceOrientationLandscapeRight UIInterfaceOrientationPortrait UIInterfaceOrientationPortraitUpsideDown";
				IPHONEOS_DEPLOYMENT_TARGET = 18.0;
				LD_RUNPATH_SEARCH_PATHS = (
					"$(inherited)",
					"@executable_path/Frameworks",
				);
				MARKETING_VERSION = 1.1;
				PRODUCT_BUNDLE_IDENTIFIER = dev.leolem.anagrams;
				PRODUCT_NAME = "$(TARGET_NAME)";
				SWIFT_EMIT_LOC_STRINGS = YES;
				SWIFT_VERSION = 6.0;
				TARGETED_DEVICE_FAMILY = "1,2";
			};
			name = Debug;
		};
		6ED7DAE72791BAAE00914046 /* Release */ = {
			isa = XCBuildConfiguration;
			buildSettings = {
				ASSETCATALOG_COMPILER_APPICON_NAME = AppIcon;
				ASSETCATALOG_COMPILER_GLOBAL_ACCENT_COLOR_NAME = AccentColor;
				CODE_SIGN_ENTITLEMENTS = resource/entitlements.entitlements;
				CODE_SIGN_STYLE = Automatic;
				CURRENT_PROJECT_VERSION = 1;
				ENABLE_PREVIEWS = YES;
				GENERATE_INFOPLIST_FILE = YES;
				INFOPLIST_FILE = resource/info.plist;
				INFOPLIST_KEY_CFBundleDisplayName = Anagrams;
				INFOPLIST_KEY_LSApplicationCategoryType = "public.app-category.word-games";
				INFOPLIST_KEY_UIApplicationSceneManifest_Generation = YES;
				INFOPLIST_KEY_UIApplicationSupportsIndirectInputEvents = YES;
				INFOPLIST_KEY_UILaunchScreen_Generation = YES;
				INFOPLIST_KEY_UISupportedInterfaceOrientations = UIInterfaceOrientationPortrait;
				INFOPLIST_KEY_UISupportedInterfaceOrientations_iPad = "UIInterfaceOrientationLandscapeLeft UIInterfaceOrientationLandscapeRight UIInterfaceOrientationPortrait UIInterfaceOrientationPortraitUpsideDown";
				IPHONEOS_DEPLOYMENT_TARGET = 18.0;
				LD_RUNPATH_SEARCH_PATHS = (
					"$(inherited)",
					"@executable_path/Frameworks",
				);
				MARKETING_VERSION = 1.1;
				PRODUCT_BUNDLE_IDENTIFIER = dev.leolem.anagrams;
				PRODUCT_NAME = "$(TARGET_NAME)";
				SWIFT_EMIT_LOC_STRINGS = YES;
				SWIFT_VERSION = 6.0;
				TARGETED_DEVICE_FAMILY = "1,2";
			};
			name = Release;
		};
/* End XCBuildConfiguration section */

/* Begin XCConfigurationList section */
		6ED7DABC2791BAAD00914046 /* Build configuration list for PBXProject "anagrams" */ = {
			isa = XCConfigurationList;
			buildConfigurations = (
				6ED7DAE32791BAAE00914046 /* Debug */,
				6ED7DAE42791BAAE00914046 /* Release */,
			);
			defaultConfigurationIsVisible = 0;
			defaultConfigurationName = Release;
		};
		6ED7DAE52791BAAE00914046 /* Build configuration list for PBXNativeTarget "Anagrams" */ = {
			isa = XCConfigurationList;
			buildConfigurations = (
				6ED7DAE62791BAAE00914046 /* Debug */,
				6ED7DAE72791BAAE00914046 /* Release */,
			);
			defaultConfigurationIsVisible = 0;
			defaultConfigurationName = Release;
		};
/* End XCConfigurationList section */

/* Begin XCLocalSwiftPackageReference section */
		6E4601752E438B4F0083928F /* XCLocalSwiftPackageReference "extensions" */ = {
			isa = XCLocalSwiftPackageReference;
			relativePath = extensions;
		};
		6E46018C2E438E7F0083928F /* XCLocalSwiftPackageReference "library" */ = {
			isa = XCLocalSwiftPackageReference;
			relativePath = library;
		};
/* End XCLocalSwiftPackageReference section */

/* Begin XCRemoteSwiftPackageReference section */
		6E2C41B42D5F832300B86530 /* XCRemoteSwiftPackageReference "SwiftLintPlugins" */ = {
			isa = XCRemoteSwiftPackageReference;
			repositoryURL = "https://github.com/SimplyDanny/SwiftLintPlugins";
			requirement = {
				kind = upToNextMajorVersion;
				minimumVersion = 0.58.2;
			};
		};
/* End XCRemoteSwiftPackageReference section */

/* Begin XCSwiftPackageProductDependency section */
		6E2C41B52D5F832F00B86530 /* SwiftLintBuildToolPlugin */ = {
			isa = XCSwiftPackageProductDependency;
			package = 6E2C41B42D5F832300B86530 /* XCRemoteSwiftPackageReference "SwiftLintPlugins" */;
			productName = "plugin:SwiftLintBuildToolPlugin";
		};
		6E4601762E438B4F0083928F /* Extensions */ = {
			isa = XCSwiftPackageProductDependency;
			productName = Extensions;
		};
		6E4601782E438B4F0083928F /* SwiftUIExtensions */ = {
			isa = XCSwiftPackageProductDependency;
			productName = SwiftUIExtensions;
		};
		6E46018D2E438E7F0083928F /* Words */ = {
			isa = XCSwiftPackageProductDependency;
			productName = Words;
		};
/* End XCSwiftPackageProductDependency section */
	};
	rootObject = 6ED7DAB92791BAAD00914046 /* Project object */;
}
