// !$*UTF8*$!
{
	archiveVersion = 1;
	classes = {
	};
	objectVersion = 52;
	objects = {

/* Begin PBXBuildFile section */
		6E21C9F026B86E8D00AAC439 /* WordScrambleApp.swift in Sources */ = {isa = PBXBuildFile; fileRef = 6E21C9EF26B86E8D00AAC439 /* WordScrambleApp.swift */; };
		6E21C9F226B86E8D00AAC439 /* ContentView.swift in Sources */ = {isa = PBXBuildFile; fileRef = 6E21C9F126B86E8D00AAC439 /* ContentView.swift */; };
		6E21C9F426B86E9200AAC439 /* Assets.xcassets in Resources */ = {isa = PBXBuildFile; fileRef = 6E21C9F326B86E9200AAC439 /* Assets.xcassets */; };
		6E21C9F726B86E9200AAC439 /* Preview Assets.xcassets in Resources */ = {isa = PBXBuildFile; fileRef = 6E21C9F626B86E9200AAC439 /* Preview Assets.xcassets */; };
		6E262B552774A713003FB915 /* ContentView-ViewModel.swift in Sources */ = {isa = PBXBuildFile; fileRef = 6E262B542774A713003FB915 /* ContentView-ViewModel.swift */; };
		6E262B572774D6B3003FB915 /* LeaderboardView.swift in Sources */ = {isa = PBXBuildFile; fileRef = 6E262B562774D6B3003FB915 /* LeaderboardView.swift */; };
		6E262B5E2774E789003FB915 /* MyPackage in Frameworks */ = {isa = PBXBuildFile; productRef = 6E262B5D2774E789003FB915 /* MyPackage */; };
		6E262B6127779C65003FB915 /* GameErrorView.swift in Sources */ = {isa = PBXBuildFile; fileRef = 6E262B6027779C65003FB915 /* GameErrorView.swift */; };
		6E262B6327779C77003FB915 /* UsedWordView.swift in Sources */ = {isa = PBXBuildFile; fileRef = 6E262B6227779C77003FB915 /* UsedWordView.swift */; };
		6E262B6627779CAB003FB915 /* WiktionaryLink.swift in Sources */ = {isa = PBXBuildFile; fileRef = 6E262B6527779CAB003FB915 /* WiktionaryLink.swift */; };
		6E262B6827779DEE003FB915 /* Model-Leaderboard.swift in Sources */ = {isa = PBXBuildFile; fileRef = 6E262B6727779DEE003FB915 /* Model-Leaderboard.swift */; };
		6E262B6A27779E8B003FB915 /* TimerView.swift in Sources */ = {isa = PBXBuildFile; fileRef = 6E262B6927779E8B003FB915 /* TimerView.swift */; };
		6E4C506D2779FBF4008CE899 /* start-es.json in Resources */ = {isa = PBXBuildFile; fileRef = 6E4C50692779FBF4008CE899 /* start-es.json */; };
		6E4C506E2779FBF4008CE899 /* start-de.json in Resources */ = {isa = PBXBuildFile; fileRef = 6E4C506A2779FBF4008CE899 /* start-de.json */; };
		6E4C506F2779FBF4008CE899 /* start-en.json in Resources */ = {isa = PBXBuildFile; fileRef = 6E4C506B2779FBF4008CE899 /* start-en.json */; };
		6E4C50702779FBF4008CE899 /* start-fr.json in Resources */ = {isa = PBXBuildFile; fileRef = 6E4C506C2779FBF4008CE899 /* start-fr.json */; };
		6E4C5072277A1BE2008CE899 /* String-Extension.swift in Sources */ = {isa = PBXBuildFile; fileRef = 6E4C5071277A1BE2008CE899 /* String-Extension.swift */; };
		6E4C5074277A2B88008CE899 /* Model-Game.swift in Sources */ = {isa = PBXBuildFile; fileRef = 6E4C5073277A2B88008CE899 /* Model-Game.swift */; };
		6E4C5079277A3535008CE899 /* ScoreView.swift in Sources */ = {isa = PBXBuildFile; fileRef = 6E4C5078277A3535008CE899 /* ScoreView.swift */; };
		6E4C507B277A4075008CE899 /* RankView.swift in Sources */ = {isa = PBXBuildFile; fileRef = 6E4C507A277A4075008CE899 /* RankView.swift */; };
		6E4C507D277A70F8008CE899 /* Model-User.swift in Sources */ = {isa = PBXBuildFile; fileRef = 6E4C507C277A70F8008CE899 /* Model-User.swift */; };
		6E4C507F277A7CF4008CE899 /* Model.swift in Sources */ = {isa = PBXBuildFile; fileRef = 6E4C507E277A7CF4008CE899 /* Model.swift */; };
		6EF83BA3277B2BCF0067A25E /* SettingsView.swift in Sources */ = {isa = PBXBuildFile; fileRef = 6EF83BA2277B2BCF0067A25E /* SettingsView.swift */; };
		6EF83BA5277B535A0067A25E /* PersistentStorage-Protocol.swift in Sources */ = {isa = PBXBuildFile; fileRef = 6EF83BA4277B535A0067A25E /* PersistentStorage-Protocol.swift */; };
		6EF83BA7277B53E20067A25E /* Model-Game-Error.swift in Sources */ = {isa = PBXBuildFile; fileRef = 6EF83BA6277B53E20067A25E /* Model-Game-Error.swift */; };
/* End PBXBuildFile section */

/* Begin PBXFileReference section */
		6E21C9EC26B86E8D00AAC439 /* WordScramble.app */ = {isa = PBXFileReference; explicitFileType = wrapper.application; includeInIndex = 0; path = WordScramble.app; sourceTree = BUILT_PRODUCTS_DIR; };
		6E21C9EF26B86E8D00AAC439 /* WordScrambleApp.swift */ = {isa = PBXFileReference; lastKnownFileType = sourcecode.swift; path = WordScrambleApp.swift; sourceTree = "<group>"; };
		6E21C9F126B86E8D00AAC439 /* ContentView.swift */ = {isa = PBXFileReference; lastKnownFileType = sourcecode.swift; path = ContentView.swift; sourceTree = "<group>"; };
		6E21C9F326B86E9200AAC439 /* Assets.xcassets */ = {isa = PBXFileReference; lastKnownFileType = folder.assetcatalog; path = Assets.xcassets; sourceTree = "<group>"; };
		6E21C9F626B86E9200AAC439 /* Preview Assets.xcassets */ = {isa = PBXFileReference; lastKnownFileType = folder.assetcatalog; path = "Preview Assets.xcassets"; sourceTree = "<group>"; };
		6E262B542774A713003FB915 /* ContentView-ViewModel.swift */ = {isa = PBXFileReference; lastKnownFileType = sourcecode.swift; path = "ContentView-ViewModel.swift"; sourceTree = "<group>"; };
		6E262B562774D6B3003FB915 /* LeaderboardView.swift */ = {isa = PBXFileReference; lastKnownFileType = sourcecode.swift; path = LeaderboardView.swift; sourceTree = "<group>"; };
		6E262B6027779C65003FB915 /* GameErrorView.swift */ = {isa = PBXFileReference; lastKnownFileType = sourcecode.swift; path = GameErrorView.swift; sourceTree = "<group>"; };
		6E262B6227779C77003FB915 /* UsedWordView.swift */ = {isa = PBXFileReference; lastKnownFileType = sourcecode.swift; path = UsedWordView.swift; sourceTree = "<group>"; };
		6E262B6527779CAB003FB915 /* WiktionaryLink.swift */ = {isa = PBXFileReference; lastKnownFileType = sourcecode.swift; path = WiktionaryLink.swift; sourceTree = "<group>"; };
		6E262B6727779DEE003FB915 /* Model-Leaderboard.swift */ = {isa = PBXFileReference; lastKnownFileType = sourcecode.swift; path = "Model-Leaderboard.swift"; sourceTree = "<group>"; };
		6E262B6927779E8B003FB915 /* TimerView.swift */ = {isa = PBXFileReference; lastKnownFileType = sourcecode.swift; path = TimerView.swift; sourceTree = "<group>"; };
		6E4C50692779FBF4008CE899 /* start-es.json */ = {isa = PBXFileReference; fileEncoding = 4; lastKnownFileType = text.json; path = "start-es.json"; sourceTree = "<group>"; };
		6E4C506A2779FBF4008CE899 /* start-de.json */ = {isa = PBXFileReference; fileEncoding = 4; lastKnownFileType = text.json; path = "start-de.json"; sourceTree = "<group>"; };
		6E4C506B2779FBF4008CE899 /* start-en.json */ = {isa = PBXFileReference; fileEncoding = 4; lastKnownFileType = text.json; path = "start-en.json"; sourceTree = "<group>"; };
		6E4C506C2779FBF4008CE899 /* start-fr.json */ = {isa = PBXFileReference; fileEncoding = 4; lastKnownFileType = text.json; path = "start-fr.json"; sourceTree = "<group>"; };
		6E4C5071277A1BE2008CE899 /* String-Extension.swift */ = {isa = PBXFileReference; lastKnownFileType = sourcecode.swift; path = "String-Extension.swift"; sourceTree = "<group>"; };
		6E4C5073277A2B88008CE899 /* Model-Game.swift */ = {isa = PBXFileReference; lastKnownFileType = sourcecode.swift; path = "Model-Game.swift"; sourceTree = "<group>"; };
		6E4C5078277A3535008CE899 /* ScoreView.swift */ = {isa = PBXFileReference; lastKnownFileType = sourcecode.swift; path = ScoreView.swift; sourceTree = "<group>"; };
		6E4C507A277A4075008CE899 /* RankView.swift */ = {isa = PBXFileReference; lastKnownFileType = sourcecode.swift; path = RankView.swift; sourceTree = "<group>"; };
		6E4C507C277A70F8008CE899 /* Model-User.swift */ = {isa = PBXFileReference; lastKnownFileType = sourcecode.swift; path = "Model-User.swift"; sourceTree = "<group>"; };
		6E4C507E277A7CF4008CE899 /* Model.swift */ = {isa = PBXFileReference; lastKnownFileType = sourcecode.swift; path = Model.swift; sourceTree = "<group>"; };
		6EF83BA2277B2BCF0067A25E /* SettingsView.swift */ = {isa = PBXFileReference; lastKnownFileType = sourcecode.swift; path = SettingsView.swift; sourceTree = "<group>"; };
		6EF83BA4277B535A0067A25E /* PersistentStorage-Protocol.swift */ = {isa = PBXFileReference; lastKnownFileType = sourcecode.swift; path = "PersistentStorage-Protocol.swift"; sourceTree = "<group>"; };
		6EF83BA6277B53E20067A25E /* Model-Game-Error.swift */ = {isa = PBXFileReference; lastKnownFileType = sourcecode.swift; path = "Model-Game-Error.swift"; sourceTree = "<group>"; };
/* End PBXFileReference section */

/* Begin PBXFrameworksBuildPhase section */
		6E21C9E926B86E8D00AAC439 /* Frameworks */ = {
			isa = PBXFrameworksBuildPhase;
			buildActionMask = 2147483647;
			files = (
				6E262B5E2774E789003FB915 /* MyPackage in Frameworks */,
			);
			runOnlyForDeploymentPostprocessing = 0;
		};
/* End PBXFrameworksBuildPhase section */

/* Begin PBXGroup section */
		6E21C9E326B86E8D00AAC439 = {
			isa = PBXGroup;
			children = (
				6E21C9EE26B86E8D00AAC439 /* WordScramble */,
				6E21C9ED26B86E8D00AAC439 /* Products */,
			);
			sourceTree = "<group>";
		};
		6E21C9ED26B86E8D00AAC439 /* Products */ = {
			isa = PBXGroup;
			children = (
				6E21C9EC26B86E8D00AAC439 /* WordScramble.app */,
			);
			name = Products;
			sourceTree = "<group>";
		};
		6E21C9EE26B86E8D00AAC439 /* WordScramble */ = {
			isa = PBXGroup;
			children = (
				6E21C9EF26B86E8D00AAC439 /* WordScrambleApp.swift */,
				6E21C9F126B86E8D00AAC439 /* ContentView.swift */,
				6E262B542774A713003FB915 /* ContentView-ViewModel.swift */,
				6E262B5F27779C5A003FB915 /* ContentView */,
				6E4C5075277A2B8F008CE899 /* Model */,
				6E262B6427779C91003FB915 /* Other */,
				6EE9D1B72774800200B29411 /* Resources */,
				6E21C9F526B86E9200AAC439 /* Preview Content */,
			);
			path = WordScramble;
			sourceTree = "<group>";
		};
		6E21C9F526B86E9200AAC439 /* Preview Content */ = {
			isa = PBXGroup;
			children = (
				6E21C9F626B86E9200AAC439 /* Preview Assets.xcassets */,
			);
			path = "Preview Content";
			sourceTree = "<group>";
		};
		6E262B5F27779C5A003FB915 /* ContentView */ = {
			isa = PBXGroup;
			children = (
				6E4C5078277A3535008CE899 /* ScoreView.swift */,
				6E262B6927779E8B003FB915 /* TimerView.swift */,
				6EF83BA2277B2BCF0067A25E /* SettingsView.swift */,
				6E262B562774D6B3003FB915 /* LeaderboardView.swift */,
				6E262B6027779C65003FB915 /* GameErrorView.swift */,
				6E262B6227779C77003FB915 /* UsedWordView.swift */,
				6E4C507A277A4075008CE899 /* RankView.swift */,
			);
			path = ContentView;
			sourceTree = "<group>";
		};
		6E262B6427779C91003FB915 /* Other */ = {
			isa = PBXGroup;
			children = (
				6E262B6527779CAB003FB915 /* WiktionaryLink.swift */,
				6E4C5071277A1BE2008CE899 /* String-Extension.swift */,
				6EF83BA4277B535A0067A25E /* PersistentStorage-Protocol.swift */,
			);
			path = Other;
			sourceTree = "<group>";
		};
		6E4C5075277A2B8F008CE899 /* Model */ = {
			isa = PBXGroup;
			children = (
				6E4C507E277A7CF4008CE899 /* Model.swift */,
				6E4C507C277A70F8008CE899 /* Model-User.swift */,
				6E262B6727779DEE003FB915 /* Model-Leaderboard.swift */,
				6E4C5073277A2B88008CE899 /* Model-Game.swift */,
				6EF83BA6277B53E20067A25E /* Model-Game-Error.swift */,
			);
			path = Model;
			sourceTree = "<group>";
		};
		6EE9D1B72774800200B29411 /* Resources */ = {
			isa = PBXGroup;
			children = (
				6E21C9F326B86E9200AAC439 /* Assets.xcassets */,
				6E4C506A2779FBF4008CE899 /* start-de.json */,
				6E4C506B2779FBF4008CE899 /* start-en.json */,
				6E4C50692779FBF4008CE899 /* start-es.json */,
				6E4C506C2779FBF4008CE899 /* start-fr.json */,
			);
			path = Resources;
			sourceTree = "<group>";
		};
/* End PBXGroup section */

/* Begin PBXNativeTarget section */
		6E21C9EB26B86E8D00AAC439 /* WordScramble */ = {
			isa = PBXNativeTarget;
			buildConfigurationList = 6E21C9FB26B86E9200AAC439 /* Build configuration list for PBXNativeTarget "WordScramble" */;
			buildPhases = (
				6E21C9E826B86E8D00AAC439 /* Sources */,
				6E21C9E926B86E8D00AAC439 /* Frameworks */,
				6E21C9EA26B86E8D00AAC439 /* Resources */,
			);
			buildRules = (
			);
			dependencies = (
			);
			name = WordScramble;
			packageProductDependencies = (
				6E262B5D2774E789003FB915 /* MyPackage */,
			);
			productName = WordScramble;
			productReference = 6E21C9EC26B86E8D00AAC439 /* WordScramble.app */;
			productType = "com.apple.product-type.application";
		};
/* End PBXNativeTarget section */

/* Begin PBXProject section */
		6E21C9E426B86E8D00AAC439 /* Project object */ = {
			isa = PBXProject;
			attributes = {
				LastSwiftUpdateCheck = 1250;
				LastUpgradeCheck = 1250;
				TargetAttributes = {
					6E21C9EB26B86E8D00AAC439 = {
						CreatedOnToolsVersion = 12.5.1;
					};
				};
			};
			buildConfigurationList = 6E21C9E726B86E8D00AAC439 /* Build configuration list for PBXProject "WordScramble" */;
			compatibilityVersion = "Xcode 9.3";
			developmentRegion = en;
			hasScannedForEncodings = 0;
			knownRegions = (
				en,
				Base,
			);
			mainGroup = 6E21C9E326B86E8D00AAC439;
			packageReferences = (
				6E262B5C2774E789003FB915 /* XCRemoteSwiftPackageReference "MyPackage" */,
			);
			productRefGroup = 6E21C9ED26B86E8D00AAC439 /* Products */;
			projectDirPath = "";
			projectRoot = "";
			targets = (
				6E21C9EB26B86E8D00AAC439 /* WordScramble */,
			);
		};
/* End PBXProject section */

/* Begin PBXResourcesBuildPhase section */
		6E21C9EA26B86E8D00AAC439 /* Resources */ = {
			isa = PBXResourcesBuildPhase;
			buildActionMask = 2147483647;
			files = (
				6E4C506F2779FBF4008CE899 /* start-en.json in Resources */,
				6E21C9F726B86E9200AAC439 /* Preview Assets.xcassets in Resources */,
				6E4C506E2779FBF4008CE899 /* start-de.json in Resources */,
				6E4C506D2779FBF4008CE899 /* start-es.json in Resources */,
				6E4C50702779FBF4008CE899 /* start-fr.json in Resources */,
				6E21C9F426B86E9200AAC439 /* Assets.xcassets in Resources */,
			);
			runOnlyForDeploymentPostprocessing = 0;
		};
/* End PBXResourcesBuildPhase section */

/* Begin PBXSourcesBuildPhase section */
		6E21C9E826B86E8D00AAC439 /* Sources */ = {
			isa = PBXSourcesBuildPhase;
			buildActionMask = 2147483647;
			files = (
				6E262B6A27779E8B003FB915 /* TimerView.swift in Sources */,
				6E4C507B277A4075008CE899 /* RankView.swift in Sources */,
				6E262B6127779C65003FB915 /* GameErrorView.swift in Sources */,
				6E21C9F226B86E8D00AAC439 /* ContentView.swift in Sources */,
				6E4C507D277A70F8008CE899 /* Model-User.swift in Sources */,
				6EF83BA3277B2BCF0067A25E /* SettingsView.swift in Sources */,
				6E262B572774D6B3003FB915 /* LeaderboardView.swift in Sources */,
				6E262B6627779CAB003FB915 /* WiktionaryLink.swift in Sources */,
				6E4C507F277A7CF4008CE899 /* Model.swift in Sources */,
				6E262B6327779C77003FB915 /* UsedWordView.swift in Sources */,
				6E4C5074277A2B88008CE899 /* Model-Game.swift in Sources */,
				6E262B6827779DEE003FB915 /* Model-Leaderboard.swift in Sources */,
				6E262B552774A713003FB915 /* ContentView-ViewModel.swift in Sources */,
				6E4C5072277A1BE2008CE899 /* String-Extension.swift in Sources */,
				6EF83BA5277B535A0067A25E /* PersistentStorage-Protocol.swift in Sources */,
				6E4C5079277A3535008CE899 /* ScoreView.swift in Sources */,
				6EF83BA7277B53E20067A25E /* Model-Game-Error.swift in Sources */,
				6E21C9F026B86E8D00AAC439 /* WordScrambleApp.swift in Sources */,
			);
			runOnlyForDeploymentPostprocessing = 0;
		};
/* End PBXSourcesBuildPhase section */

/* Begin XCBuildConfiguration section */
		6E21C9F926B86E9200AAC439 /* Debug */ = {
			isa = XCBuildConfiguration;
			buildSettings = {
				ALWAYS_SEARCH_USER_PATHS = NO;
				CLANG_ANALYZER_NONNULL = YES;
				CLANG_ANALYZER_NUMBER_OBJECT_CONVERSION = YES_AGGRESSIVE;
				CLANG_CXX_LANGUAGE_STANDARD = "gnu++14";
				CLANG_CXX_LIBRARY = "libc++";
				CLANG_ENABLE_MODULES = YES;
				CLANG_ENABLE_OBJC_ARC = YES;
				CLANG_ENABLE_OBJC_WEAK = YES;
				CLANG_WARN_BLOCK_CAPTURE_AUTORELEASING = YES;
				CLANG_WARN_BOOL_CONVERSION = YES;
				CLANG_WARN_COMMA = YES;
				CLANG_WARN_CONSTANT_CONVERSION = YES;
				CLANG_WARN_DEPRECATED_OBJC_IMPLEMENTATIONS = YES;
				CLANG_WARN_DIRECT_OBJC_ISA_USAGE = YES_ERROR;
				CLANG_WARN_DOCUMENTATION_COMMENTS = YES;
				CLANG_WARN_EMPTY_BODY = YES;
				CLANG_WARN_ENUM_CONVERSION = YES;
				CLANG_WARN_INFINITE_RECURSION = YES;
				CLANG_WARN_INT_CONVERSION = YES;
				CLANG_WARN_NON_LITERAL_NULL_CONVERSION = YES;
				CLANG_WARN_OBJC_IMPLICIT_RETAIN_SELF = YES;
				CLANG_WARN_OBJC_LITERAL_CONVERSION = YES;
				CLANG_WARN_OBJC_ROOT_CLASS = YES_ERROR;
				CLANG_WARN_QUOTED_INCLUDE_IN_FRAMEWORK_HEADER = YES;
				CLANG_WARN_RANGE_LOOP_ANALYSIS = YES;
				CLANG_WARN_STRICT_PROTOTYPES = YES;
				CLANG_WARN_SUSPICIOUS_MOVE = YES;
				CLANG_WARN_UNGUARDED_AVAILABILITY = YES_AGGRESSIVE;
				CLANG_WARN_UNREACHABLE_CODE = YES;
				CLANG_WARN__DUPLICATE_METHOD_MATCH = YES;
				COPY_PHASE_STRIP = NO;
				DEBUG_INFORMATION_FORMAT = dwarf;
				ENABLE_STRICT_OBJC_MSGSEND = YES;
				ENABLE_TESTABILITY = YES;
				GCC_C_LANGUAGE_STANDARD = gnu11;
				GCC_DYNAMIC_NO_PIC = NO;
				GCC_NO_COMMON_BLOCKS = YES;
				GCC_OPTIMIZATION_LEVEL = 0;
				GCC_PREPROCESSOR_DEFINITIONS = (
					"DEBUG=1",
					"$(inherited)",
				);
				GCC_WARN_64_TO_32_BIT_CONVERSION = YES;
				GCC_WARN_ABOUT_RETURN_TYPE = YES_ERROR;
				GCC_WARN_UNDECLARED_SELECTOR = YES;
				GCC_WARN_UNINITIALIZED_AUTOS = YES_AGGRESSIVE;
				GCC_WARN_UNUSED_FUNCTION = YES;
				GCC_WARN_UNUSED_VARIABLE = YES;
				IPHONEOS_DEPLOYMENT_TARGET = 15.0;
				MTL_ENABLE_DEBUG_INFO = INCLUDE_SOURCE;
				MTL_FAST_MATH = YES;
				ONLY_ACTIVE_ARCH = YES;
				SDKROOT = iphoneos;
				SWIFT_ACTIVE_COMPILATION_CONDITIONS = DEBUG;
				SWIFT_OPTIMIZATION_LEVEL = "-Onone";
			};
			name = Debug;
		};
		6E21C9FA26B86E9200AAC439 /* Release */ = {
			isa = XCBuildConfiguration;
			buildSettings = {
				ALWAYS_SEARCH_USER_PATHS = NO;
				CLANG_ANALYZER_NONNULL = YES;
				CLANG_ANALYZER_NUMBER_OBJECT_CONVERSION = YES_AGGRESSIVE;
				CLANG_CXX_LANGUAGE_STANDARD = "gnu++14";
				CLANG_CXX_LIBRARY = "libc++";
				CLANG_ENABLE_MODULES = YES;
				CLANG_ENABLE_OBJC_ARC = YES;
				CLANG_ENABLE_OBJC_WEAK = YES;
				CLANG_WARN_BLOCK_CAPTURE_AUTORELEASING = YES;
				CLANG_WARN_BOOL_CONVERSION = YES;
				CLANG_WARN_COMMA = YES;
				CLANG_WARN_CONSTANT_CONVERSION = YES;
				CLANG_WARN_DEPRECATED_OBJC_IMPLEMENTATIONS = YES;
				CLANG_WARN_DIRECT_OBJC_ISA_USAGE = YES_ERROR;
				CLANG_WARN_DOCUMENTATION_COMMENTS = YES;
				CLANG_WARN_EMPTY_BODY = YES;
				CLANG_WARN_ENUM_CONVERSION = YES;
				CLANG_WARN_INFINITE_RECURSION = YES;
				CLANG_WARN_INT_CONVERSION = YES;
				CLANG_WARN_NON_LITERAL_NULL_CONVERSION = YES;
				CLANG_WARN_OBJC_IMPLICIT_RETAIN_SELF = YES;
				CLANG_WARN_OBJC_LITERAL_CONVERSION = YES;
				CLANG_WARN_OBJC_ROOT_CLASS = YES_ERROR;
				CLANG_WARN_QUOTED_INCLUDE_IN_FRAMEWORK_HEADER = YES;
				CLANG_WARN_RANGE_LOOP_ANALYSIS = YES;
				CLANG_WARN_STRICT_PROTOTYPES = YES;
				CLANG_WARN_SUSPICIOUS_MOVE = YES;
				CLANG_WARN_UNGUARDED_AVAILABILITY = YES_AGGRESSIVE;
				CLANG_WARN_UNREACHABLE_CODE = YES;
				CLANG_WARN__DUPLICATE_METHOD_MATCH = YES;
				COPY_PHASE_STRIP = NO;
				DEBUG_INFORMATION_FORMAT = "dwarf-with-dsym";
				ENABLE_NS_ASSERTIONS = NO;
				ENABLE_STRICT_OBJC_MSGSEND = YES;
				GCC_C_LANGUAGE_STANDARD = gnu11;
				GCC_NO_COMMON_BLOCKS = YES;
				GCC_WARN_64_TO_32_BIT_CONVERSION = YES;
				GCC_WARN_ABOUT_RETURN_TYPE = YES_ERROR;
				GCC_WARN_UNDECLARED_SELECTOR = YES;
				GCC_WARN_UNINITIALIZED_AUTOS = YES_AGGRESSIVE;
				GCC_WARN_UNUSED_FUNCTION = YES;
				GCC_WARN_UNUSED_VARIABLE = YES;
				IPHONEOS_DEPLOYMENT_TARGET = 15.0;
				MTL_ENABLE_DEBUG_INFO = NO;
				MTL_FAST_MATH = YES;
				SDKROOT = iphoneos;
				SWIFT_COMPILATION_MODE = wholemodule;
				SWIFT_OPTIMIZATION_LEVEL = "-O";
				VALIDATE_PRODUCT = YES;
			};
			name = Release;
		};
		6E21C9FC26B86E9200AAC439 /* Debug */ = {
			isa = XCBuildConfiguration;
			buildSettings = {
				ASSETCATALOG_COMPILER_APPICON_NAME = AppIcon;
				ASSETCATALOG_COMPILER_GLOBAL_ACCENT_COLOR_NAME = AccentColor;
				CODE_SIGN_STYLE = Automatic;
				DEVELOPMENT_ASSET_PATHS = "\"WordScramble/Preview Content\"";
				DEVELOPMENT_TEAM = 4UUEFBYP76;
				ENABLE_PREVIEWS = YES;
				INFOPLIST_FILE = WordScramble/Info.plist;
				IPHONEOS_DEPLOYMENT_TARGET = 15.0;
				LD_RUNPATH_SEARCH_PATHS = (
					"$(inherited)",
					"@executable_path/Frameworks",
				);
				PRODUCT_BUNDLE_IDENTIFIER = LeoLem.WordScramble;
				PRODUCT_NAME = "$(TARGET_NAME)";
				SWIFT_VERSION = 5.0;
				TARGETED_DEVICE_FAMILY = "1,2";
			};
			name = Debug;
		};
		6E21C9FD26B86E9200AAC439 /* Release */ = {
			isa = XCBuildConfiguration;
			buildSettings = {
				ASSETCATALOG_COMPILER_APPICON_NAME = AppIcon;
				ASSETCATALOG_COMPILER_GLOBAL_ACCENT_COLOR_NAME = AccentColor;
				CODE_SIGN_STYLE = Automatic;
				DEVELOPMENT_ASSET_PATHS = "\"WordScramble/Preview Content\"";
				DEVELOPMENT_TEAM = 4UUEFBYP76;
				ENABLE_PREVIEWS = YES;
				INFOPLIST_FILE = WordScramble/Info.plist;
				IPHONEOS_DEPLOYMENT_TARGET = 15.0;
				LD_RUNPATH_SEARCH_PATHS = (
					"$(inherited)",
					"@executable_path/Frameworks",
				);
				PRODUCT_BUNDLE_IDENTIFIER = LeoLem.WordScramble;
				PRODUCT_NAME = "$(TARGET_NAME)";
				SWIFT_VERSION = 5.0;
				TARGETED_DEVICE_FAMILY = "1,2";
			};
			name = Release;
		};
/* End XCBuildConfiguration section */

/* Begin XCConfigurationList section */
		6E21C9E726B86E8D00AAC439 /* Build configuration list for PBXProject "WordScramble" */ = {
			isa = XCConfigurationList;
			buildConfigurations = (
				6E21C9F926B86E9200AAC439 /* Debug */,
				6E21C9FA26B86E9200AAC439 /* Release */,
			);
			defaultConfigurationIsVisible = 0;
			defaultConfigurationName = Release;
		};
		6E21C9FB26B86E9200AAC439 /* Build configuration list for PBXNativeTarget "WordScramble" */ = {
			isa = XCConfigurationList;
			buildConfigurations = (
				6E21C9FC26B86E9200AAC439 /* Debug */,
				6E21C9FD26B86E9200AAC439 /* Release */,
			);
			defaultConfigurationIsVisible = 0;
			defaultConfigurationName = Release;
		};
/* End XCConfigurationList section */

/* Begin XCRemoteSwiftPackageReference section */
		6E262B5C2774E789003FB915 /* XCRemoteSwiftPackageReference "MyPackage" */ = {
			isa = XCRemoteSwiftPackageReference;
			repositoryURL = "https://github.com/Leo-Lem/MyPackage";
			requirement = {
				branch = main;
				kind = branch;
			};
		};
/* End XCRemoteSwiftPackageReference section */

/* Begin XCSwiftPackageProductDependency section */
		6E262B5D2774E789003FB915 /* MyPackage */ = {
			isa = XCSwiftPackageProductDependency;
			package = 6E262B5C2774E789003FB915 /* XCRemoteSwiftPackageReference "MyPackage" */;
			productName = MyPackage;
		};
/* End XCSwiftPackageProductDependency section */
	};
	rootObject = 6E21C9E426B86E8D00AAC439 /* Project object */;
}
