// !$*UTF8*$!
{
	archiveVersion = 1;
	classes = {
	};
	objectVersion = 55;
	objects = {

/* Begin PBXBuildFile section */
		6E0AE3D527823815003529D7 /* SingleplayerView.swift in Sources */ = {isa = PBXBuildFile; fileRef = 6E0AE3D427823815003529D7 /* SingleplayerView.swift */; };
		6E0AE3D727823831003529D7 /* SingleplayerView-ViewModel.swift in Sources */ = {isa = PBXBuildFile; fileRef = 6E0AE3D627823831003529D7 /* SingleplayerView-ViewModel.swift */; };
		6E0AE403278349F5003529D7 /* FoundWord.swift in Sources */ = {isa = PBXBuildFile; fileRef = 6E0AE402278349F5003529D7 /* FoundWord.swift */; };
		6E0AE40527834CB9003529D7 /* Settings.swift in Sources */ = {isa = PBXBuildFile; fileRef = 6E0AE40427834CB9003529D7 /* Settings.swift */; };
		6E0AE41327836BB5003529D7 /* CDUser+User.swift in Sources */ = {isa = PBXBuildFile; fileRef = 6E0AE41227836BB5003529D7 /* CDUser+User.swift */; };
		6E0AE41A278383C9003529D7 /* RootWord.swift in Sources */ = {isa = PBXBuildFile; fileRef = 6E0AE419278383C9003529D7 /* RootWord.swift */; };
		6E0AE41C2783855F003529D7 /* NewWord.swift in Sources */ = {isa = PBXBuildFile; fileRef = 6E0AE41B2783855F003529D7 /* NewWord.swift */; };
		6E0AE41E27838772003529D7 /* Object Examples.swift in Sources */ = {isa = PBXBuildFile; fileRef = 6E0AE41D27838772003529D7 /* Object Examples.swift */; };
		6E0AE4302784CC2A003529D7 /* AnagramsCD.xcdatamodeld in Sources */ = {isa = PBXBuildFile; fileRef = 6E0AE42E2784CC2A003529D7 /* AnagramsCD.xcdatamodeld */; };
		6E21C9F026B86E8D00AAC439 /* WordScrambleApp.swift in Sources */ = {isa = PBXBuildFile; fileRef = 6E21C9EF26B86E8D00AAC439 /* WordScrambleApp.swift */; };
		6E21C9F226B86E8D00AAC439 /* ContentView.swift in Sources */ = {isa = PBXBuildFile; fileRef = 6E21C9F126B86E8D00AAC439 /* ContentView.swift */; };
		6E21C9F426B86E9200AAC439 /* Assets.xcassets in Resources */ = {isa = PBXBuildFile; fileRef = 6E21C9F326B86E9200AAC439 /* Assets.xcassets */; };
		6E21C9F726B86E9200AAC439 /* Preview Assets.xcassets in Resources */ = {isa = PBXBuildFile; fileRef = 6E21C9F626B86E9200AAC439 /* Preview Assets.xcassets */; };
		6E262B552774A713003FB915 /* ContentView-ViewModel.swift in Sources */ = {isa = PBXBuildFile; fileRef = 6E262B542774A713003FB915 /* ContentView-ViewModel.swift */; };
		6E262B572774D6B3003FB915 /* LeaderboardView.swift in Sources */ = {isa = PBXBuildFile; fileRef = 6E262B562774D6B3003FB915 /* LeaderboardView.swift */; };
		6E262B5E2774E789003FB915 /* MyPackage in Frameworks */ = {isa = PBXBuildFile; productRef = 6E262B5D2774E789003FB915 /* MyPackage */; };
		6E262B6127779C65003FB915 /* CustomAlertView.swift in Sources */ = {isa = PBXBuildFile; fileRef = 6E262B6027779C65003FB915 /* CustomAlertView.swift */; };
		6E262B6327779C77003FB915 /* FoundWordView.swift in Sources */ = {isa = PBXBuildFile; fileRef = 6E262B6227779C77003FB915 /* FoundWordView.swift */; };
		6E262B6A27779E8B003FB915 /* TimerSaveScoreBarView.swift in Sources */ = {isa = PBXBuildFile; fileRef = 6E262B6927779E8B003FB915 /* TimerSaveScoreBarView.swift */; };
		6E2C94BF2780A790004BFD35 /* LoginView.swift in Sources */ = {isa = PBXBuildFile; fileRef = 6E2C94BE2780A790004BFD35 /* LoginView.swift */; };
		6E2C94C12780A799004BFD35 /* LoginView-ViewModel.swift in Sources */ = {isa = PBXBuildFile; fileRef = 6E2C94C02780A799004BFD35 /* LoginView-ViewModel.swift */; };
		6E2C94C32780A7A8004BFD35 /* LeaderboardView-ViewModel.swift in Sources */ = {isa = PBXBuildFile; fileRef = 6E2C94C22780A7A8004BFD35 /* LeaderboardView-ViewModel.swift */; };
		6E329631277B765A00FBBB73 /* EntryDetailView.swift in Sources */ = {isa = PBXBuildFile; fileRef = 6E329630277B765A00FBBB73 /* EntryDetailView.swift */; };
		6E329635277B7E2900FBBB73 /* Localizable.strings in Resources */ = {isa = PBXBuildFile; fileRef = 6E329637277B7E2900FBBB73 /* Localizable.strings */; };
		6E329647277B8FB800FBBB73 /* start-en.json in Resources */ = {isa = PBXBuildFile; fileRef = 6E329643277B8FB800FBBB73 /* start-en.json */; };
		6E329648277B8FB800FBBB73 /* start-es.json in Resources */ = {isa = PBXBuildFile; fileRef = 6E329644277B8FB800FBBB73 /* start-es.json */; };
		6E329649277B8FB800FBBB73 /* start-fr.json in Resources */ = {isa = PBXBuildFile; fileRef = 6E329645277B8FB800FBBB73 /* start-fr.json */; };
		6E32964A277B8FB800FBBB73 /* start-de.json in Resources */ = {isa = PBXBuildFile; fileRef = 6E329646277B8FB800FBBB73 /* start-de.json */; };
		6E32964E277CB1A900FBBB73 /* RootView.swift in Sources */ = {isa = PBXBuildFile; fileRef = 6E32964D277CB1A900FBBB73 /* RootView.swift */; };
		6E329653277CD60A00FBBB73 /* Localizable.stringsdict in Resources */ = {isa = PBXBuildFile; fileRef = 6E329655277CD60A00FBBB73 /* Localizable.stringsdict */; };
		6E329660277DCA9F00FBBB73 /* CDEntry+Entry.swift in Sources */ = {isa = PBXBuildFile; fileRef = 6E32965F277DCA9F00FBBB73 /* CDEntry+Entry.swift */; };
		6E329662277DCB3F00FBBB73 /* Persistence.swift in Sources */ = {isa = PBXBuildFile; fileRef = 6E329661277DCB3F00FBBB73 /* Persistence.swift */; };
		6E32966C277DD9D600FBBB73 /* NewAlert.swift in Sources */ = {isa = PBXBuildFile; fileRef = 6E32966B277DD9D600FBBB73 /* NewAlert.swift */; };
		6E329670277E744300FBBB73 /* CloudKit.framework in Frameworks */ = {isa = PBXBuildFile; fileRef = 6E32966F277E744300FBBB73 /* CloudKit.framework */; };
		6E4C5074277A2B88008CE899 /* CDGame+Game.swift in Sources */ = {isa = PBXBuildFile; fileRef = 6E4C5073277A2B88008CE899 /* CDGame+Game.swift */; };
		6E4C507B277A4075008CE899 /* EntryView.swift in Sources */ = {isa = PBXBuildFile; fileRef = 6E4C507A277A4075008CE899 /* EntryView.swift */; };
		6E4C507F277A7CF4008CE899 /* Model.swift in Sources */ = {isa = PBXBuildFile; fileRef = 6E4C507E277A7CF4008CE899 /* Model.swift */; };
		6E52D65C2784F75400DCC4E3 /* NewAlertsView.swift in Sources */ = {isa = PBXBuildFile; fileRef = 6E52D65B2784F75400DCC4E3 /* NewAlertsView.swift */; };
		6E52D662278510EA00DCC4E3 /* Defaults.swift in Sources */ = {isa = PBXBuildFile; fileRef = 6E52D661278510EA00DCC4E3 /* Defaults.swift */; };
		6E52D66B2785204800DCC4E3 /* NewWordView.swift in Sources */ = {isa = PBXBuildFile; fileRef = 6E52D66A2785204800DCC4E3 /* NewWordView.swift */; };
		6E52D672278521A500DCC4E3 /* FoundWordsView.swift in Sources */ = {isa = PBXBuildFile; fileRef = 6E52D671278521A500DCC4E3 /* FoundWordsView.swift */; };
		6E9B3C5B2785F4AA0089FBA4 /* UserManager.swift in Sources */ = {isa = PBXBuildFile; fileRef = 6E9B3C5A2785F4AA0089FBA4 /* UserManager.swift */; };
		6E9B3C6027860BBE0089FBA4 /* EnterDetailsView.swift in Sources */ = {isa = PBXBuildFile; fileRef = 6E9B3C5F27860BBE0089FBA4 /* EnterDetailsView.swift */; };
		6E9B3C6527860BDF0089FBA4 /* LoginButtonsView.swift in Sources */ = {isa = PBXBuildFile; fileRef = 6E9B3C6427860BDF0089FBA4 /* LoginButtonsView.swift */; };
		6E9B3C6E278642890089FBA4 /* BlurBackground.swift in Sources */ = {isa = PBXBuildFile; fileRef = 6E9B3C6D278642890089FBA4 /* BlurBackground.swift */; };
		6E9B3C7C27865D760089FBA4 /* CustomAlert.swift in Sources */ = {isa = PBXBuildFile; fileRef = 6E9B3C7B27865D760089FBA4 /* CustomAlert.swift */; };
		6E9B3C7E278660230089FBA4 /* LoginAlert.swift in Sources */ = {isa = PBXBuildFile; fileRef = 6E9B3C7D278660230089FBA4 /* LoginAlert.swift */; };
		6E9B3C81278704CB0089FBA4 /* Word.swift in Sources */ = {isa = PBXBuildFile; fileRef = 6E9B3C80278704CB0089FBA4 /* Word.swift */; };
		6E9B3C842787150D0089FBA4 /* GameMode.swift in Sources */ = {isa = PBXBuildFile; fileRef = 6E9B3C832787150D0089FBA4 /* GameMode.swift */; };
		6E9B3C87278715530089FBA4 /* SupportGameModes.swift in Sources */ = {isa = PBXBuildFile; fileRef = 6E9B3C86278715530089FBA4 /* SupportGameModes.swift */; };
		6E9B3C89278715620089FBA4 /* SupportedLanguages.swift in Sources */ = {isa = PBXBuildFile; fileRef = 6E9B3C88278715620089FBA4 /* SupportedLanguages.swift */; };
		6E9B3C8B27871A5B0089FBA4 /* RootAlert.swift in Sources */ = {isa = PBXBuildFile; fileRef = 6E9B3C8A27871A5B0089FBA4 /* RootAlert.swift */; };
		6E9B3C8D27871A9B0089FBA4 /* TimeAlert.swift in Sources */ = {isa = PBXBuildFile; fileRef = 6E9B3C8C27871A9B0089FBA4 /* TimeAlert.swift */; };
		6E9B3C92278724350089FBA4 /* GameManager.swift in Sources */ = {isa = PBXBuildFile; fileRef = 6E9B3C91278724350089FBA4 /* GameManager.swift */; };
		6E9B3C96278731EC0089FBA4 /* BoardManager.swift in Sources */ = {isa = PBXBuildFile; fileRef = 6E9B3C95278731EC0089FBA4 /* BoardManager.swift */; };
		6E9B3C98278740F90089FBA4 /* Manager.swift in Sources */ = {isa = PBXBuildFile; fileRef = 6E9B3C97278740F90089FBA4 /* Manager.swift */; };
		6E9B3C9C278766C10089FBA4 /* SettingsView-ViewModel.swift in Sources */ = {isa = PBXBuildFile; fileRef = 6E9B3C9B278766C10089FBA4 /* SettingsView-ViewModel.swift */; };
		6E9B3CA2278798850089FBA4 /* NumberOverUnitView.swift in Sources */ = {isa = PBXBuildFile; fileRef = 6E9B3CA1278798850089FBA4 /* NumberOverUnitView.swift */; };
		6E9B3CA42787AE460089FBA4 /* randomWord.swift in Sources */ = {isa = PBXBuildFile; fileRef = 6E9B3CA32787AE460089FBA4 /* randomWord.swift */; };
		6E9B3CC1278868FC0089FBA4 /* Collection-removeDuplicates.swift in Sources */ = {isa = PBXBuildFile; fileRef = 6E9B3CC0278868FC0089FBA4 /* Collection-removeDuplicates.swift */; };
		6E9B3CCA2789E1520089FBA4 /* CD-fetchObject.swift in Sources */ = {isa = PBXBuildFile; fileRef = 6E9B3CC92789E1520089FBA4 /* CD-fetchObject.swift */; };
		6EF83BA3277B2BCF0067A25E /* SettingsView.swift in Sources */ = {isa = PBXBuildFile; fileRef = 6EF83BA2277B2BCF0067A25E /* SettingsView.swift */; };
		6EF88BE32789EEBA003642E0 /* SuperViewModel.swift in Sources */ = {isa = PBXBuildFile; fileRef = 6EF88BE22789EEBA003642E0 /* SuperViewModel.swift */; };
		6EF88BE52789F529003642E0 /* LoginHandler.swift in Sources */ = {isa = PBXBuildFile; fileRef = 6EF88BE42789F529003642E0 /* LoginHandler.swift */; };
		6EF88BE9278A42AC003642E0 /* LoadingSpinnerView.swift in Sources */ = {isa = PBXBuildFile; fileRef = 6EF88BE8278A42AC003642E0 /* LoadingSpinnerView.swift */; };
/* End PBXBuildFile section */

/* Begin PBXFileReference section */
		6E0AE3D427823815003529D7 /* SingleplayerView.swift */ = {isa = PBXFileReference; lastKnownFileType = sourcecode.swift; path = SingleplayerView.swift; sourceTree = "<group>"; };
		6E0AE3D627823831003529D7 /* SingleplayerView-ViewModel.swift */ = {isa = PBXFileReference; lastKnownFileType = sourcecode.swift; path = "SingleplayerView-ViewModel.swift"; sourceTree = "<group>"; };
		6E0AE402278349F5003529D7 /* FoundWord.swift */ = {isa = PBXFileReference; lastKnownFileType = sourcecode.swift; path = FoundWord.swift; sourceTree = "<group>"; };
		6E0AE40427834CB9003529D7 /* Settings.swift */ = {isa = PBXFileReference; lastKnownFileType = sourcecode.swift; path = Settings.swift; sourceTree = "<group>"; };
		6E0AE41227836BB5003529D7 /* CDUser+User.swift */ = {isa = PBXFileReference; fileEncoding = 4; lastKnownFileType = sourcecode.swift; path = "CDUser+User.swift"; sourceTree = "<group>"; };
		6E0AE419278383C9003529D7 /* RootWord.swift */ = {isa = PBXFileReference; lastKnownFileType = sourcecode.swift; path = RootWord.swift; sourceTree = "<group>"; };
		6E0AE41B2783855F003529D7 /* NewWord.swift */ = {isa = PBXFileReference; lastKnownFileType = sourcecode.swift; path = NewWord.swift; sourceTree = "<group>"; };
		6E0AE41D27838772003529D7 /* Object Examples.swift */ = {isa = PBXFileReference; lastKnownFileType = sourcecode.swift; path = "Object Examples.swift"; sourceTree = "<group>"; };
		6E0AE42F2784CC2A003529D7 /* AnagramsCD.xcdatamodel */ = {isa = PBXFileReference; lastKnownFileType = wrapper.xcdatamodel; path = AnagramsCD.xcdatamodel; sourceTree = "<group>"; };
		6E21C9EC26B86E8D00AAC439 /* WordScramble.app */ = {isa = PBXFileReference; explicitFileType = wrapper.application; includeInIndex = 0; path = WordScramble.app; sourceTree = BUILT_PRODUCTS_DIR; };
		6E21C9EF26B86E8D00AAC439 /* WordScrambleApp.swift */ = {isa = PBXFileReference; lastKnownFileType = sourcecode.swift; path = WordScrambleApp.swift; sourceTree = "<group>"; };
		6E21C9F126B86E8D00AAC439 /* ContentView.swift */ = {isa = PBXFileReference; lastKnownFileType = sourcecode.swift; path = ContentView.swift; sourceTree = "<group>"; };
		6E21C9F326B86E9200AAC439 /* Assets.xcassets */ = {isa = PBXFileReference; lastKnownFileType = folder.assetcatalog; path = Assets.xcassets; sourceTree = "<group>"; };
		6E21C9F626B86E9200AAC439 /* Preview Assets.xcassets */ = {isa = PBXFileReference; lastKnownFileType = folder.assetcatalog; path = "Preview Assets.xcassets"; sourceTree = "<group>"; };
		6E262B542774A713003FB915 /* ContentView-ViewModel.swift */ = {isa = PBXFileReference; lastKnownFileType = sourcecode.swift; path = "ContentView-ViewModel.swift"; sourceTree = "<group>"; };
		6E262B562774D6B3003FB915 /* LeaderboardView.swift */ = {isa = PBXFileReference; lastKnownFileType = sourcecode.swift; path = LeaderboardView.swift; sourceTree = "<group>"; };
		6E262B6027779C65003FB915 /* CustomAlertView.swift */ = {isa = PBXFileReference; lastKnownFileType = sourcecode.swift; path = CustomAlertView.swift; sourceTree = "<group>"; };
		6E262B6227779C77003FB915 /* FoundWordView.swift */ = {isa = PBXFileReference; lastKnownFileType = sourcecode.swift; path = FoundWordView.swift; sourceTree = "<group>"; };
		6E262B6927779E8B003FB915 /* TimerSaveScoreBarView.swift */ = {isa = PBXFileReference; lastKnownFileType = sourcecode.swift; path = TimerSaveScoreBarView.swift; sourceTree = "<group>"; };
		6E2C94BE2780A790004BFD35 /* LoginView.swift */ = {isa = PBXFileReference; lastKnownFileType = sourcecode.swift; path = LoginView.swift; sourceTree = "<group>"; };
		6E2C94C02780A799004BFD35 /* LoginView-ViewModel.swift */ = {isa = PBXFileReference; lastKnownFileType = sourcecode.swift; path = "LoginView-ViewModel.swift"; sourceTree = "<group>"; };
		6E2C94C22780A7A8004BFD35 /* LeaderboardView-ViewModel.swift */ = {isa = PBXFileReference; lastKnownFileType = sourcecode.swift; path = "LeaderboardView-ViewModel.swift"; sourceTree = "<group>"; };
		6E329630277B765A00FBBB73 /* EntryDetailView.swift */ = {isa = PBXFileReference; lastKnownFileType = sourcecode.swift; path = EntryDetailView.swift; sourceTree = "<group>"; };
		6E329636277B7E2900FBBB73 /* en */ = {isa = PBXFileReference; lastKnownFileType = text.plist.strings; name = en; path = en.lproj/Localizable.strings; sourceTree = "<group>"; };
		6E329639277B7E3C00FBBB73 /* de */ = {isa = PBXFileReference; lastKnownFileType = text.plist.strings; name = de; path = de.lproj/Localizable.strings; sourceTree = "<group>"; };
		6E329643277B8FB800FBBB73 /* start-en.json */ = {isa = PBXFileReference; fileEncoding = 4; lastKnownFileType = text.json; path = "start-en.json"; sourceTree = "<group>"; };
		6E329644277B8FB800FBBB73 /* start-es.json */ = {isa = PBXFileReference; fileEncoding = 4; lastKnownFileType = text.json; path = "start-es.json"; sourceTree = "<group>"; };
		6E329645277B8FB800FBBB73 /* start-fr.json */ = {isa = PBXFileReference; fileEncoding = 4; lastKnownFileType = text.json; path = "start-fr.json"; sourceTree = "<group>"; };
		6E329646277B8FB800FBBB73 /* start-de.json */ = {isa = PBXFileReference; fileEncoding = 4; lastKnownFileType = text.json; path = "start-de.json"; sourceTree = "<group>"; };
		6E32964D277CB1A900FBBB73 /* RootView.swift */ = {isa = PBXFileReference; lastKnownFileType = sourcecode.swift; path = RootView.swift; sourceTree = "<group>"; };
		6E329654277CD60A00FBBB73 /* en */ = {isa = PBXFileReference; lastKnownFileType = text.plist.stringsdict; name = en; path = en.lproj/Localizable.stringsdict; sourceTree = "<group>"; };
		6E32965A277CEDC600FBBB73 /* de */ = {isa = PBXFileReference; lastKnownFileType = text.plist.stringsdict; name = de; path = de.lproj/Localizable.stringsdict; sourceTree = "<group>"; };
		6E32965F277DCA9F00FBBB73 /* CDEntry+Entry.swift */ = {isa = PBXFileReference; lastKnownFileType = sourcecode.swift; path = "CDEntry+Entry.swift"; sourceTree = "<group>"; };
		6E329661277DCB3F00FBBB73 /* Persistence.swift */ = {isa = PBXFileReference; lastKnownFileType = sourcecode.swift; path = Persistence.swift; sourceTree = "<group>"; };
		6E32966B277DD9D600FBBB73 /* NewAlert.swift */ = {isa = PBXFileReference; lastKnownFileType = sourcecode.swift; path = NewAlert.swift; sourceTree = "<group>"; };
		6E32966D277E743B00FBBB73 /* WordScramble.entitlements */ = {isa = PBXFileReference; lastKnownFileType = text.plist.entitlements; path = WordScramble.entitlements; sourceTree = "<group>"; };
		6E32966F277E744300FBBB73 /* CloudKit.framework */ = {isa = PBXFileReference; lastKnownFileType = wrapper.framework; name = CloudKit.framework; path = System/Library/Frameworks/CloudKit.framework; sourceTree = SDKROOT; };
		6E4C5073277A2B88008CE899 /* CDGame+Game.swift */ = {isa = PBXFileReference; lastKnownFileType = sourcecode.swift; path = "CDGame+Game.swift"; sourceTree = "<group>"; };
		6E4C507A277A4075008CE899 /* EntryView.swift */ = {isa = PBXFileReference; lastKnownFileType = sourcecode.swift; path = EntryView.swift; sourceTree = "<group>"; };
		6E4C507E277A7CF4008CE899 /* Model.swift */ = {isa = PBXFileReference; lastKnownFileType = sourcecode.swift; path = Model.swift; sourceTree = "<group>"; };
		6E52D65B2784F75400DCC4E3 /* NewAlertsView.swift */ = {isa = PBXFileReference; lastKnownFileType = sourcecode.swift; path = NewAlertsView.swift; sourceTree = "<group>"; };
		6E52D661278510EA00DCC4E3 /* Defaults.swift */ = {isa = PBXFileReference; lastKnownFileType = sourcecode.swift; path = Defaults.swift; sourceTree = "<group>"; };
		6E52D66A2785204800DCC4E3 /* NewWordView.swift */ = {isa = PBXFileReference; lastKnownFileType = sourcecode.swift; path = NewWordView.swift; sourceTree = "<group>"; };
		6E52D671278521A500DCC4E3 /* FoundWordsView.swift */ = {isa = PBXFileReference; lastKnownFileType = sourcecode.swift; path = FoundWordsView.swift; sourceTree = "<group>"; };
		6E9B3C5A2785F4AA0089FBA4 /* UserManager.swift */ = {isa = PBXFileReference; lastKnownFileType = sourcecode.swift; path = UserManager.swift; sourceTree = "<group>"; };
		6E9B3C5F27860BBE0089FBA4 /* EnterDetailsView.swift */ = {isa = PBXFileReference; lastKnownFileType = sourcecode.swift; path = EnterDetailsView.swift; sourceTree = "<group>"; };
		6E9B3C6427860BDF0089FBA4 /* LoginButtonsView.swift */ = {isa = PBXFileReference; lastKnownFileType = sourcecode.swift; path = LoginButtonsView.swift; sourceTree = "<group>"; };
		6E9B3C6D278642890089FBA4 /* BlurBackground.swift */ = {isa = PBXFileReference; lastKnownFileType = sourcecode.swift; path = BlurBackground.swift; sourceTree = "<group>"; };
		6E9B3C7B27865D760089FBA4 /* CustomAlert.swift */ = {isa = PBXFileReference; lastKnownFileType = sourcecode.swift; path = CustomAlert.swift; sourceTree = "<group>"; };
		6E9B3C7D278660230089FBA4 /* LoginAlert.swift */ = {isa = PBXFileReference; lastKnownFileType = sourcecode.swift; path = LoginAlert.swift; sourceTree = "<group>"; };
		6E9B3C80278704CB0089FBA4 /* Word.swift */ = {isa = PBXFileReference; lastKnownFileType = sourcecode.swift; path = Word.swift; sourceTree = "<group>"; };
		6E9B3C832787150D0089FBA4 /* GameMode.swift */ = {isa = PBXFileReference; lastKnownFileType = sourcecode.swift; path = GameMode.swift; sourceTree = "<group>"; };
		6E9B3C86278715530089FBA4 /* SupportGameModes.swift */ = {isa = PBXFileReference; lastKnownFileType = sourcecode.swift; path = SupportGameModes.swift; sourceTree = "<group>"; };
		6E9B3C88278715620089FBA4 /* SupportedLanguages.swift */ = {isa = PBXFileReference; lastKnownFileType = sourcecode.swift; path = SupportedLanguages.swift; sourceTree = "<group>"; };
		6E9B3C8A27871A5B0089FBA4 /* RootAlert.swift */ = {isa = PBXFileReference; lastKnownFileType = sourcecode.swift; path = RootAlert.swift; sourceTree = "<group>"; };
		6E9B3C8C27871A9B0089FBA4 /* TimeAlert.swift */ = {isa = PBXFileReference; lastKnownFileType = sourcecode.swift; path = TimeAlert.swift; sourceTree = "<group>"; };
		6E9B3C91278724350089FBA4 /* GameManager.swift */ = {isa = PBXFileReference; lastKnownFileType = sourcecode.swift; path = GameManager.swift; sourceTree = "<group>"; };
		6E9B3C95278731EC0089FBA4 /* BoardManager.swift */ = {isa = PBXFileReference; lastKnownFileType = sourcecode.swift; path = BoardManager.swift; sourceTree = "<group>"; };
		6E9B3C97278740F90089FBA4 /* Manager.swift */ = {isa = PBXFileReference; lastKnownFileType = sourcecode.swift; path = Manager.swift; sourceTree = "<group>"; };
		6E9B3C9B278766C10089FBA4 /* SettingsView-ViewModel.swift */ = {isa = PBXFileReference; lastKnownFileType = sourcecode.swift; path = "SettingsView-ViewModel.swift"; sourceTree = "<group>"; };
		6E9B3CA1278798850089FBA4 /* NumberOverUnitView.swift */ = {isa = PBXFileReference; lastKnownFileType = sourcecode.swift; path = NumberOverUnitView.swift; sourceTree = "<group>"; };
		6E9B3CA32787AE460089FBA4 /* randomWord.swift */ = {isa = PBXFileReference; lastKnownFileType = sourcecode.swift; path = randomWord.swift; sourceTree = "<group>"; };
		6E9B3CC0278868FC0089FBA4 /* Collection-removeDuplicates.swift */ = {isa = PBXFileReference; lastKnownFileType = sourcecode.swift; path = "Collection-removeDuplicates.swift"; sourceTree = "<group>"; };
		6E9B3CC92789E1520089FBA4 /* CD-fetchObject.swift */ = {isa = PBXFileReference; lastKnownFileType = sourcecode.swift; path = "CD-fetchObject.swift"; sourceTree = "<group>"; };
		6EF83BA2277B2BCF0067A25E /* SettingsView.swift */ = {isa = PBXFileReference; lastKnownFileType = sourcecode.swift; path = SettingsView.swift; sourceTree = "<group>"; };
		6EF88BE22789EEBA003642E0 /* SuperViewModel.swift */ = {isa = PBXFileReference; lastKnownFileType = sourcecode.swift; path = SuperViewModel.swift; sourceTree = "<group>"; };
		6EF88BE42789F529003642E0 /* LoginHandler.swift */ = {isa = PBXFileReference; lastKnownFileType = sourcecode.swift; path = LoginHandler.swift; sourceTree = "<group>"; };
		6EF88BE8278A42AC003642E0 /* LoadingSpinnerView.swift */ = {isa = PBXFileReference; lastKnownFileType = sourcecode.swift; path = LoadingSpinnerView.swift; sourceTree = "<group>"; };
/* End PBXFileReference section */

/* Begin PBXFrameworksBuildPhase section */
		6E21C9E926B86E8D00AAC439 /* Frameworks */ = {
			isa = PBXFrameworksBuildPhase;
			buildActionMask = 2147483647;
			files = (
				6E262B5E2774E789003FB915 /* MyPackage in Frameworks */,
				6E329670277E744300FBBB73 /* CloudKit.framework in Frameworks */,
			);
			runOnlyForDeploymentPostprocessing = 0;
		};
/* End PBXFrameworksBuildPhase section */

/* Begin PBXGroup section */
		6E0AE3D82782384C003529D7 /* Singleplayer */ = {
			isa = PBXGroup;
			children = (
				6E0AE3D427823815003529D7 /* SingleplayerView.swift */,
				6E0AE3D627823831003529D7 /* SingleplayerView-ViewModel.swift */,
				6E9B3C5C2785F5690089FBA4 /* SingleplayerView */,
			);
			path = Singleplayer;
			sourceTree = "<group>";
		};
		6E0AE417278382FE003529D7 /* start-words */ = {
			isa = PBXGroup;
			children = (
				6E329646277B8FB800FBBB73 /* start-de.json */,
				6E329643277B8FB800FBBB73 /* start-en.json */,
				6E329644277B8FB800FBBB73 /* start-es.json */,
				6E329645277B8FB800FBBB73 /* start-fr.json */,
			);
			path = "start-words";
			sourceTree = "<group>";
		};
		6E21C9E326B86E8D00AAC439 = {
			isa = PBXGroup;
			children = (
				6E21C9EE26B86E8D00AAC439 /* WordScramble */,
				6E21C9ED26B86E8D00AAC439 /* Products */,
				6E32966E277E744300FBBB73 /* Frameworks */,
			);
			sourceTree = "<group>";
		};
		6E21C9ED26B86E8D00AAC439 /* Products */ = {
			isa = PBXGroup;
			children = (
				6E21C9EC26B86E8D00AAC439 /* WordScramble.app */,
			);
			name = Products;
			sourceTree = "<group>";
		};
		6E21C9EE26B86E8D00AAC439 /* WordScramble */ = {
			isa = PBXGroup;
			children = (
				6E32966D277E743B00FBBB73 /* WordScramble.entitlements */,
				6E21C9EF26B86E8D00AAC439 /* WordScrambleApp.swift */,
				6E262B5F27779C5A003FB915 /* Content */,
				6E4C5075277A2B8F008CE899 /* Model */,
				6EE9D1B72774800200B29411 /* Resources */,
				6E21C9F526B86E9200AAC439 /* Preview Content */,
			);
			path = WordScramble;
			sourceTree = "<group>";
		};
		6E21C9F526B86E9200AAC439 /* Preview Content */ = {
			isa = PBXGroup;
			children = (
				6E21C9F626B86E9200AAC439 /* Preview Assets.xcassets */,
				6E0AE41D27838772003529D7 /* Object Examples.swift */,
			);
			path = "Preview Content";
			sourceTree = "<group>";
		};
		6E262B5F27779C5A003FB915 /* Content */ = {
			isa = PBXGroup;
			children = (
				6E21C9F126B86E8D00AAC439 /* ContentView.swift */,
				6E262B542774A713003FB915 /* ContentView-ViewModel.swift */,
				6E2C94BA2780A72F004BFD35 /* Login */,
				6E0AE3D82782384C003529D7 /* Singleplayer */,
				6E329632277B765F00FBBB73 /* Leaderboard */,
				6E9B3C9A278762380089FBA4 /* Settings */,
				6E262B6427779C91003FB915 /* Other */,
			);
			path = Content;
			sourceTree = "<group>";
		};
		6E262B6427779C91003FB915 /* Other */ = {
			isa = PBXGroup;
			children = (
				6EF88BE8278A42AC003642E0 /* LoadingSpinnerView.swift */,
				6E262B6027779C65003FB915 /* CustomAlertView.swift */,
				6E262B6227779C77003FB915 /* FoundWordView.swift */,
				6E9B3CA1278798850089FBA4 /* NumberOverUnitView.swift */,
				6E9B3C6D278642890089FBA4 /* BlurBackground.swift */,
				6EF88BE22789EEBA003642E0 /* SuperViewModel.swift */,
			);
			path = Other;
			sourceTree = "<group>";
		};
		6E2C94BA2780A72F004BFD35 /* Login */ = {
			isa = PBXGroup;
			children = (
				6E2C94BE2780A790004BFD35 /* LoginView.swift */,
				6E2C94C02780A799004BFD35 /* LoginView-ViewModel.swift */,
				6E9B3C5D27860B910089FBA4 /* LoginView */,
			);
			path = Login;
			sourceTree = "<group>";
		};
		6E2C94C52780A7D0004BFD35 /* LeaderboardView */ = {
			isa = PBXGroup;
			children = (
				6E4C507A277A4075008CE899 /* EntryView.swift */,
				6E329630277B765A00FBBB73 /* EntryDetailView.swift */,
			);
			path = LeaderboardView;
			sourceTree = "<group>";
		};
		6E329632277B765F00FBBB73 /* Leaderboard */ = {
			isa = PBXGroup;
			children = (
				6E262B562774D6B3003FB915 /* LeaderboardView.swift */,
				6E2C94C22780A7A8004BFD35 /* LeaderboardView-ViewModel.swift */,
				6E2C94C52780A7D0004BFD35 /* LeaderboardView */,
			);
			path = Leaderboard;
			sourceTree = "<group>";
		};
		6E32966E277E744300FBBB73 /* Frameworks */ = {
			isa = PBXGroup;
			children = (
				6E32966F277E744300FBBB73 /* CloudKit.framework */,
			);
			name = Frameworks;
			sourceTree = "<group>";
		};
		6E4C5075277A2B8F008CE899 /* Model */ = {
			isa = PBXGroup;
			children = (
				6E4C507E277A7CF4008CE899 /* Model.swift */,
				6E9B3C85278715470089FBA4 /* Managers */,
				6E9B3C7F278700FF0089FBA4 /* Words */,
				6E9B3C7A27865D660089FBA4 /* Alerts */,
				6E9B3C902787200E0089FBA4 /* Supported */,
				6E9B3C592785E31C0089FBA4 /* Persistence */,
				6E9B3CBF278868E30089FBA4 /* Other */,
			);
			path = Model;
			sourceTree = "<group>";
		};
		6E9B3C592785E31C0089FBA4 /* Persistence */ = {
			isa = PBXGroup;
			children = (
				6E0AE42E2784CC2A003529D7 /* AnagramsCD.xcdatamodeld */,
				6E329661277DCB3F00FBBB73 /* Persistence.swift */,
			);
			path = Persistence;
			sourceTree = "<group>";
		};
		6E9B3C5C2785F5690089FBA4 /* SingleplayerView */ = {
			isa = PBXGroup;
			children = (
				6E32964D277CB1A900FBBB73 /* RootView.swift */,
				6E52D66A2785204800DCC4E3 /* NewWordView.swift */,
				6E52D65B2784F75400DCC4E3 /* NewAlertsView.swift */,
				6E52D671278521A500DCC4E3 /* FoundWordsView.swift */,
				6E262B6927779E8B003FB915 /* TimerSaveScoreBarView.swift */,
			);
			path = SingleplayerView;
			sourceTree = "<group>";
		};
		6E9B3C5D27860B910089FBA4 /* LoginView */ = {
			isa = PBXGroup;
			children = (
				6E9B3C5F27860BBE0089FBA4 /* EnterDetailsView.swift */,
				6E9B3C6427860BDF0089FBA4 /* LoginButtonsView.swift */,
			);
			path = LoginView;
			sourceTree = "<group>";
		};
		6E9B3C7A27865D660089FBA4 /* Alerts */ = {
			isa = PBXGroup;
			children = (
				6E9B3C7D278660230089FBA4 /* LoginAlert.swift */,
				6E9B3C8A27871A5B0089FBA4 /* RootAlert.swift */,
				6E32966B277DD9D600FBBB73 /* NewAlert.swift */,
				6E9B3C8C27871A9B0089FBA4 /* TimeAlert.swift */,
				6E9B3C7B27865D760089FBA4 /* CustomAlert.swift */,
			);
			path = Alerts;
			sourceTree = "<group>";
		};
		6E9B3C7F278700FF0089FBA4 /* Words */ = {
			isa = PBXGroup;
			children = (
				6E0AE419278383C9003529D7 /* RootWord.swift */,
				6E0AE41B2783855F003529D7 /* NewWord.swift */,
				6E0AE402278349F5003529D7 /* FoundWord.swift */,
				6E9B3C80278704CB0089FBA4 /* Word.swift */,
			);
			path = Words;
			sourceTree = "<group>";
		};
		6E9B3C85278715470089FBA4 /* Managers */ = {
			isa = PBXGroup;
			children = (
				6E9B3C5A2785F4AA0089FBA4 /* UserManager.swift */,
				6E9B3C91278724350089FBA4 /* GameManager.swift */,
				6E9B3C95278731EC0089FBA4 /* BoardManager.swift */,
				6E9B3C9D27876FB20089FBA4 /* User */,
				6E9B3C99278744880089FBA4 /* Game */,
				6E9B3C9E27876FBC0089FBA4 /* Board */,
				6E9B3C97278740F90089FBA4 /* Manager.swift */,
			);
			path = Managers;
			sourceTree = "<group>";
		};
		6E9B3C902787200E0089FBA4 /* Supported */ = {
			isa = PBXGroup;
			children = (
				6E9B3C88278715620089FBA4 /* SupportedLanguages.swift */,
				6E9B3C86278715530089FBA4 /* SupportGameModes.swift */,
			);
			path = Supported;
			sourceTree = "<group>";
		};
		6E9B3C99278744880089FBA4 /* Game */ = {
			isa = PBXGroup;
			children = (
				6E4C5073277A2B88008CE899 /* CDGame+Game.swift */,
				6E9B3C832787150D0089FBA4 /* GameMode.swift */,
				6E0AE40427834CB9003529D7 /* Settings.swift */,
			);
			path = Game;
			sourceTree = "<group>";
		};
		6E9B3C9A278762380089FBA4 /* Settings */ = {
			isa = PBXGroup;
			children = (
				6EF83BA2277B2BCF0067A25E /* SettingsView.swift */,
				6E9B3C9B278766C10089FBA4 /* SettingsView-ViewModel.swift */,
			);
			path = Settings;
			sourceTree = "<group>";
		};
		6E9B3C9D27876FB20089FBA4 /* User */ = {
			isa = PBXGroup;
			children = (
				6E0AE41227836BB5003529D7 /* CDUser+User.swift */,
				6EF88BE42789F529003642E0 /* LoginHandler.swift */,
				6E52D661278510EA00DCC4E3 /* Defaults.swift */,
			);
			path = User;
			sourceTree = "<group>";
		};
		6E9B3C9E27876FBC0089FBA4 /* Board */ = {
			isa = PBXGroup;
			children = (
				6E32965F277DCA9F00FBBB73 /* CDEntry+Entry.swift */,
			);
			path = Board;
			sourceTree = "<group>";
		};
		6E9B3CBF278868E30089FBA4 /* Other */ = {
			isa = PBXGroup;
			children = (
				6E9B3CA32787AE460089FBA4 /* randomWord.swift */,
				6E9B3CC0278868FC0089FBA4 /* Collection-removeDuplicates.swift */,
				6E9B3CC92789E1520089FBA4 /* CD-fetchObject.swift */,
			);
			path = Other;
			sourceTree = "<group>";
		};
		6EE9D1B72774800200B29411 /* Resources */ = {
			isa = PBXGroup;
			children = (
				6E21C9F326B86E9200AAC439 /* Assets.xcassets */,
				6E329637277B7E2900FBBB73 /* Localizable.strings */,
				6E329655277CD60A00FBBB73 /* Localizable.stringsdict */,
				6E0AE417278382FE003529D7 /* start-words */,
			);
			path = Resources;
			sourceTree = "<group>";
		};
/* End PBXGroup section */

/* Begin PBXNativeTarget section */
		6E21C9EB26B86E8D00AAC439 /* WordScramble */ = {
			isa = PBXNativeTarget;
			buildConfigurationList = 6E21C9FB26B86E9200AAC439 /* Build configuration list for PBXNativeTarget "WordScramble" */;
			buildPhases = (
				6E21C9E826B86E8D00AAC439 /* Sources */,
				6E21C9E926B86E8D00AAC439 /* Frameworks */,
				6E21C9EA26B86E8D00AAC439 /* Resources */,
			);
			buildRules = (
			);
			dependencies = (
			);
			name = WordScramble;
			packageProductDependencies = (
				6E262B5D2774E789003FB915 /* MyPackage */,
			);
			productName = WordScramble;
			productReference = 6E21C9EC26B86E8D00AAC439 /* WordScramble.app */;
			productType = "com.apple.product-type.application";
		};
/* End PBXNativeTarget section */

/* Begin PBXProject section */
		6E21C9E426B86E8D00AAC439 /* Project object */ = {
			isa = PBXProject;
			attributes = {
				LastSwiftUpdateCheck = 1250;
				LastUpgradeCheck = 1250;
				TargetAttributes = {
					6E21C9EB26B86E8D00AAC439 = {
						CreatedOnToolsVersion = 12.5.1;
					};
				};
			};
			buildConfigurationList = 6E21C9E726B86E8D00AAC439 /* Build configuration list for PBXProject "WordScramble" */;
			compatibilityVersion = "Xcode 13.0";
			developmentRegion = en;
			hasScannedForEncodings = 0;
			knownRegions = (
				en,
				Base,
				de,
			);
			mainGroup = 6E21C9E326B86E8D00AAC439;
			packageReferences = (
				6E262B5C2774E789003FB915 /* XCRemoteSwiftPackageReference "MyPackage" */,
			);
			productRefGroup = 6E21C9ED26B86E8D00AAC439 /* Products */;
			projectDirPath = "";
			projectRoot = "";
			targets = (
				6E21C9EB26B86E8D00AAC439 /* WordScramble */,
			);
		};
/* End PBXProject section */

/* Begin PBXResourcesBuildPhase section */
		6E21C9EA26B86E8D00AAC439 /* Resources */ = {
			isa = PBXResourcesBuildPhase;
			buildActionMask = 2147483647;
			files = (
				6E32964A277B8FB800FBBB73 /* start-de.json in Resources */,
				6E329648277B8FB800FBBB73 /* start-es.json in Resources */,
				6E21C9F726B86E9200AAC439 /* Preview Assets.xcassets in Resources */,
				6E329635277B7E2900FBBB73 /* Localizable.strings in Resources */,
				6E21C9F426B86E9200AAC439 /* Assets.xcassets in Resources */,
				6E329653277CD60A00FBBB73 /* Localizable.stringsdict in Resources */,
				6E329649277B8FB800FBBB73 /* start-fr.json in Resources */,
				6E329647277B8FB800FBBB73 /* start-en.json in Resources */,
			);
			runOnlyForDeploymentPostprocessing = 0;
		};
/* End PBXResourcesBuildPhase section */

/* Begin PBXSourcesBuildPhase section */
		6E21C9E826B86E8D00AAC439 /* Sources */ = {
			isa = PBXSourcesBuildPhase;
			buildActionMask = 2147483647;
			files = (
				6E262B6A27779E8B003FB915 /* TimerSaveScoreBarView.swift in Sources */,
				6E4C507B277A4075008CE899 /* EntryView.swift in Sources */,
				6E9B3C6527860BDF0089FBA4 /* LoginButtonsView.swift in Sources */,
				6E9B3C842787150D0089FBA4 /* GameMode.swift in Sources */,
				6E262B6127779C65003FB915 /* CustomAlertView.swift in Sources */,
				6E0AE4302784CC2A003529D7 /* AnagramsCD.xcdatamodeld in Sources */,
				6E9B3C5B2785F4AA0089FBA4 /* UserManager.swift in Sources */,
				6E9B3C98278740F90089FBA4 /* Manager.swift in Sources */,
				6E0AE41327836BB5003529D7 /* CDUser+User.swift in Sources */,
				6E21C9F226B86E8D00AAC439 /* ContentView.swift in Sources */,
				6E0AE3D527823815003529D7 /* SingleplayerView.swift in Sources */,
				6E9B3C7C27865D760089FBA4 /* CustomAlert.swift in Sources */,
				6E0AE3D727823831003529D7 /* SingleplayerView-ViewModel.swift in Sources */,
				6E329660277DCA9F00FBBB73 /* CDEntry+Entry.swift in Sources */,
				6E0AE41A278383C9003529D7 /* RootWord.swift in Sources */,
				6E9B3C7E278660230089FBA4 /* LoginAlert.swift in Sources */,
				6E9B3CCA2789E1520089FBA4 /* CD-fetchObject.swift in Sources */,
				6E2C94C32780A7A8004BFD35 /* LeaderboardView-ViewModel.swift in Sources */,
				6E9B3CA2278798850089FBA4 /* NumberOverUnitView.swift in Sources */,
				6E329631277B765A00FBBB73 /* EntryDetailView.swift in Sources */,
				6EF88BE32789EEBA003642E0 /* SuperViewModel.swift in Sources */,
				6EF83BA3277B2BCF0067A25E /* SettingsView.swift in Sources */,
				6E262B572774D6B3003FB915 /* LeaderboardView.swift in Sources */,
				6EF88BE52789F529003642E0 /* LoginHandler.swift in Sources */,
				6E9B3C92278724350089FBA4 /* GameManager.swift in Sources */,
				6E52D662278510EA00DCC4E3 /* Defaults.swift in Sources */,
				6E9B3C96278731EC0089FBA4 /* BoardManager.swift in Sources */,
				6E9B3C87278715530089FBA4 /* SupportGameModes.swift in Sources */,
				6E4C507F277A7CF4008CE899 /* Model.swift in Sources */,
				6E0AE41E27838772003529D7 /* Object Examples.swift in Sources */,
				6E0AE41C2783855F003529D7 /* NewWord.swift in Sources */,
				6E9B3C89278715620089FBA4 /* SupportedLanguages.swift in Sources */,
				6E262B6327779C77003FB915 /* FoundWordView.swift in Sources */,
				6E9B3C6027860BBE0089FBA4 /* EnterDetailsView.swift in Sources */,
				6E329662277DCB3F00FBBB73 /* Persistence.swift in Sources */,
				6E52D672278521A500DCC4E3 /* FoundWordsView.swift in Sources */,
				6EF88BE9278A42AC003642E0 /* LoadingSpinnerView.swift in Sources */,
				6E4C5074277A2B88008CE899 /* CDGame+Game.swift in Sources */,
				6E9B3C9C278766C10089FBA4 /* SettingsView-ViewModel.swift in Sources */,
				6E32966C277DD9D600FBBB73 /* NewAlert.swift in Sources */,
				6E9B3C81278704CB0089FBA4 /* Word.swift in Sources */,
				6E2C94C12780A799004BFD35 /* LoginView-ViewModel.swift in Sources */,
				6E9B3C8B27871A5B0089FBA4 /* RootAlert.swift in Sources */,
				6E2C94BF2780A790004BFD35 /* LoginView.swift in Sources */,
				6E0AE403278349F5003529D7 /* FoundWord.swift in Sources */,
				6E52D66B2785204800DCC4E3 /* NewWordView.swift in Sources */,
				6E9B3CC1278868FC0089FBA4 /* Collection-removeDuplicates.swift in Sources */,
				6E0AE40527834CB9003529D7 /* Settings.swift in Sources */,
				6E262B552774A713003FB915 /* ContentView-ViewModel.swift in Sources */,
				6E52D65C2784F75400DCC4E3 /* NewAlertsView.swift in Sources */,
				6E9B3C6E278642890089FBA4 /* BlurBackground.swift in Sources */,
				6E9B3CA42787AE460089FBA4 /* randomWord.swift in Sources */,
				6E9B3C8D27871A9B0089FBA4 /* TimeAlert.swift in Sources */,
				6E32964E277CB1A900FBBB73 /* RootView.swift in Sources */,
				6E21C9F026B86E8D00AAC439 /* WordScrambleApp.swift in Sources */,
			);
			runOnlyForDeploymentPostprocessing = 0;
		};
/* End PBXSourcesBuildPhase section */

/* Begin PBXVariantGroup section */
		6E329637277B7E2900FBBB73 /* Localizable.strings */ = {
			isa = PBXVariantGroup;
			children = (
				6E329636277B7E2900FBBB73 /* en */,
				6E329639277B7E3C00FBBB73 /* de */,
			);
			name = Localizable.strings;
			sourceTree = "<group>";
		};
		6E329655277CD60A00FBBB73 /* Localizable.stringsdict */ = {
			isa = PBXVariantGroup;
			children = (
				6E329654277CD60A00FBBB73 /* en */,
				6E32965A277CEDC600FBBB73 /* de */,
			);
			name = Localizable.stringsdict;
			sourceTree = "<group>";
		};
/* End PBXVariantGroup section */

/* Begin XCBuildConfiguration section */
		6E21C9F926B86E9200AAC439 /* Debug */ = {
			isa = XCBuildConfiguration;
			buildSettings = {
				ALWAYS_SEARCH_USER_PATHS = NO;
				CLANG_ANALYZER_NONNULL = YES;
				CLANG_ANALYZER_NUMBER_OBJECT_CONVERSION = YES_AGGRESSIVE;
				CLANG_CXX_LANGUAGE_STANDARD = "gnu++14";
				CLANG_CXX_LIBRARY = "libc++";
				CLANG_ENABLE_MODULES = YES;
				CLANG_ENABLE_OBJC_ARC = YES;
				CLANG_ENABLE_OBJC_WEAK = YES;
				CLANG_WARN_BLOCK_CAPTURE_AUTORELEASING = YES;
				CLANG_WARN_BOOL_CONVERSION = YES;
				CLANG_WARN_COMMA = YES;
				CLANG_WARN_CONSTANT_CONVERSION = YES;
				CLANG_WARN_DEPRECATED_OBJC_IMPLEMENTATIONS = YES;
				CLANG_WARN_DIRECT_OBJC_ISA_USAGE = YES_ERROR;
				CLANG_WARN_DOCUMENTATION_COMMENTS = YES;
				CLANG_WARN_EMPTY_BODY = YES;
				CLANG_WARN_ENUM_CONVERSION = YES;
				CLANG_WARN_INFINITE_RECURSION = YES;
				CLANG_WARN_INT_CONVERSION = YES;
				CLANG_WARN_NON_LITERAL_NULL_CONVERSION = YES;
				CLANG_WARN_OBJC_IMPLICIT_RETAIN_SELF = YES;
				CLANG_WARN_OBJC_LITERAL_CONVERSION = YES;
				CLANG_WARN_OBJC_ROOT_CLASS = YES_ERROR;
				CLANG_WARN_QUOTED_INCLUDE_IN_FRAMEWORK_HEADER = YES;
				CLANG_WARN_RANGE_LOOP_ANALYSIS = YES;
				CLANG_WARN_STRICT_PROTOTYPES = YES;
				CLANG_WARN_SUSPICIOUS_MOVE = YES;
				CLANG_WARN_UNGUARDED_AVAILABILITY = YES_AGGRESSIVE;
				CLANG_WARN_UNREACHABLE_CODE = YES;
				CLANG_WARN__DUPLICATE_METHOD_MATCH = YES;
				COPY_PHASE_STRIP = NO;
				DEBUG_INFORMATION_FORMAT = dwarf;
				ENABLE_STRICT_OBJC_MSGSEND = YES;
				ENABLE_TESTABILITY = YES;
				GCC_C_LANGUAGE_STANDARD = gnu11;
				GCC_DYNAMIC_NO_PIC = NO;
				GCC_NO_COMMON_BLOCKS = YES;
				GCC_OPTIMIZATION_LEVEL = 0;
				GCC_PREPROCESSOR_DEFINITIONS = (
					"DEBUG=1",
					"$(inherited)",
				);
				GCC_WARN_64_TO_32_BIT_CONVERSION = YES;
				GCC_WARN_ABOUT_RETURN_TYPE = YES_ERROR;
				GCC_WARN_UNDECLARED_SELECTOR = YES;
				GCC_WARN_UNINITIALIZED_AUTOS = YES_AGGRESSIVE;
				GCC_WARN_UNUSED_FUNCTION = YES;
				GCC_WARN_UNUSED_VARIABLE = YES;
				IPHONEOS_DEPLOYMENT_TARGET = 15.0;
				MTL_ENABLE_DEBUG_INFO = INCLUDE_SOURCE;
				MTL_FAST_MATH = YES;
				ONLY_ACTIVE_ARCH = YES;
				SDKROOT = iphoneos;
				SWIFT_ACTIVE_COMPILATION_CONDITIONS = DEBUG;
				SWIFT_EMIT_LOC_STRINGS = NO;
				SWIFT_OPTIMIZATION_LEVEL = "-Onone";
			};
			name = Debug;
		};
		6E21C9FA26B86E9200AAC439 /* Release */ = {
			isa = XCBuildConfiguration;
			buildSettings = {
				ALWAYS_SEARCH_USER_PATHS = NO;
				CLANG_ANALYZER_NONNULL = YES;
				CLANG_ANALYZER_NUMBER_OBJECT_CONVERSION = YES_AGGRESSIVE;
				CLANG_CXX_LANGUAGE_STANDARD = "gnu++14";
				CLANG_CXX_LIBRARY = "libc++";
				CLANG_ENABLE_MODULES = YES;
				CLANG_ENABLE_OBJC_ARC = YES;
				CLANG_ENABLE_OBJC_WEAK = YES;
				CLANG_WARN_BLOCK_CAPTURE_AUTORELEASING = YES;
				CLANG_WARN_BOOL_CONVERSION = YES;
				CLANG_WARN_COMMA = YES;
				CLANG_WARN_CONSTANT_CONVERSION = YES;
				CLANG_WARN_DEPRECATED_OBJC_IMPLEMENTATIONS = YES;
				CLANG_WARN_DIRECT_OBJC_ISA_USAGE = YES_ERROR;
				CLANG_WARN_DOCUMENTATION_COMMENTS = YES;
				CLANG_WARN_EMPTY_BODY = YES;
				CLANG_WARN_ENUM_CONVERSION = YES;
				CLANG_WARN_INFINITE_RECURSION = YES;
				CLANG_WARN_INT_CONVERSION = YES;
				CLANG_WARN_NON_LITERAL_NULL_CONVERSION = YES;
				CLANG_WARN_OBJC_IMPLICIT_RETAIN_SELF = YES;
				CLANG_WARN_OBJC_LITERAL_CONVERSION = YES;
				CLANG_WARN_OBJC_ROOT_CLASS = YES_ERROR;
				CLANG_WARN_QUOTED_INCLUDE_IN_FRAMEWORK_HEADER = YES;
				CLANG_WARN_RANGE_LOOP_ANALYSIS = YES;
				CLANG_WARN_STRICT_PROTOTYPES = YES;
				CLANG_WARN_SUSPICIOUS_MOVE = YES;
				CLANG_WARN_UNGUARDED_AVAILABILITY = YES_AGGRESSIVE;
				CLANG_WARN_UNREACHABLE_CODE = YES;
				CLANG_WARN__DUPLICATE_METHOD_MATCH = YES;
				COPY_PHASE_STRIP = NO;
				DEBUG_INFORMATION_FORMAT = "dwarf-with-dsym";
				ENABLE_NS_ASSERTIONS = NO;
				ENABLE_STRICT_OBJC_MSGSEND = YES;
				GCC_C_LANGUAGE_STANDARD = gnu11;
				GCC_NO_COMMON_BLOCKS = YES;
				GCC_WARN_64_TO_32_BIT_CONVERSION = YES;
				GCC_WARN_ABOUT_RETURN_TYPE = YES_ERROR;
				GCC_WARN_UNDECLARED_SELECTOR = YES;
				GCC_WARN_UNINITIALIZED_AUTOS = YES_AGGRESSIVE;
				GCC_WARN_UNUSED_FUNCTION = YES;
				GCC_WARN_UNUSED_VARIABLE = YES;
				IPHONEOS_DEPLOYMENT_TARGET = 15.0;
				MTL_ENABLE_DEBUG_INFO = NO;
				MTL_FAST_MATH = YES;
				SDKROOT = iphoneos;
				SWIFT_COMPILATION_MODE = wholemodule;
				SWIFT_EMIT_LOC_STRINGS = NO;
				SWIFT_OPTIMIZATION_LEVEL = "-O";
				VALIDATE_PRODUCT = YES;
			};
			name = Release;
		};
		6E21C9FC26B86E9200AAC439 /* Debug */ = {
			isa = XCBuildConfiguration;
			buildSettings = {
				ASSETCATALOG_COMPILER_APPICON_NAME = AppIcon;
				ASSETCATALOG_COMPILER_GLOBAL_ACCENT_COLOR_NAME = AccentColor;
				CODE_SIGN_ENTITLEMENTS = WordScramble/WordScramble.entitlements;
				CODE_SIGN_IDENTITY = "Apple Development";
				CODE_SIGN_STYLE = Automatic;
				DEVELOPMENT_ASSET_PATHS = "\"WordScramble/Preview Content\"";
				DEVELOPMENT_TEAM = 4UUEFBYP76;
				ENABLE_PREVIEWS = YES;
				INFOPLIST_FILE = WordScramble/Info.plist;
				IPHONEOS_DEPLOYMENT_TARGET = 15.0;
				LD_RUNPATH_SEARCH_PATHS = (
					"$(inherited)",
					"@executable_path/Frameworks",
				);
				PRODUCT_BUNDLE_IDENTIFIER = LeoLem.WordScramble;
				PRODUCT_NAME = "$(TARGET_NAME)";
				PROVISIONING_PROFILE_SPECIFIER = "";
				SWIFT_VERSION = 5.0;
				TARGETED_DEVICE_FAMILY = "1,2";
			};
			name = Debug;
		};
		6E21C9FD26B86E9200AAC439 /* Release */ = {
			isa = XCBuildConfiguration;
			buildSettings = {
				ASSETCATALOG_COMPILER_APPICON_NAME = AppIcon;
				ASSETCATALOG_COMPILER_GLOBAL_ACCENT_COLOR_NAME = AccentColor;
				CODE_SIGN_ENTITLEMENTS = WordScramble/WordScramble.entitlements;
				CODE_SIGN_IDENTITY = "Apple Development";
				CODE_SIGN_STYLE = Automatic;
				DEVELOPMENT_ASSET_PATHS = "\"WordScramble/Preview Content\"";
				DEVELOPMENT_TEAM = 4UUEFBYP76;
				ENABLE_PREVIEWS = YES;
				INFOPLIST_FILE = WordScramble/Info.plist;
				IPHONEOS_DEPLOYMENT_TARGET = 15.0;
				LD_RUNPATH_SEARCH_PATHS = (
					"$(inherited)",
					"@executable_path/Frameworks",
				);
				PRODUCT_BUNDLE_IDENTIFIER = LeoLem.WordScramble;
				PRODUCT_NAME = "$(TARGET_NAME)";
				PROVISIONING_PROFILE_SPECIFIER = "";
				SWIFT_VERSION = 5.0;
				TARGETED_DEVICE_FAMILY = "1,2";
			};
			name = Release;
		};
/* End XCBuildConfiguration section */

/* Begin XCConfigurationList section */
		6E21C9E726B86E8D00AAC439 /* Build configuration list for PBXProject "WordScramble" */ = {
			isa = XCConfigurationList;
			buildConfigurations = (
				6E21C9F926B86E9200AAC439 /* Debug */,
				6E21C9FA26B86E9200AAC439 /* Release */,
			);
			defaultConfigurationIsVisible = 0;
			defaultConfigurationName = Release;
		};
		6E21C9FB26B86E9200AAC439 /* Build configuration list for PBXNativeTarget "WordScramble" */ = {
			isa = XCConfigurationList;
			buildConfigurations = (
				6E21C9FC26B86E9200AAC439 /* Debug */,
				6E21C9FD26B86E9200AAC439 /* Release */,
			);
			defaultConfigurationIsVisible = 0;
			defaultConfigurationName = Release;
		};
/* End XCConfigurationList section */

/* Begin XCRemoteSwiftPackageReference section */
		6E262B5C2774E789003FB915 /* XCRemoteSwiftPackageReference "MyPackage" */ = {
			isa = XCRemoteSwiftPackageReference;
			repositoryURL = "https://github.com/Leo-Lem/MyPackage";
			requirement = {
				branch = main;
				kind = branch;
			};
		};
/* End XCRemoteSwiftPackageReference section */

/* Begin XCSwiftPackageProductDependency section */
		6E262B5D2774E789003FB915 /* MyPackage */ = {
			isa = XCSwiftPackageProductDependency;
			package = 6E262B5C2774E789003FB915 /* XCRemoteSwiftPackageReference "MyPackage" */;
			productName = MyPackage;
		};
/* End XCSwiftPackageProductDependency section */

/* Begin XCVersionGroup section */
		6E0AE42E2784CC2A003529D7 /* AnagramsCD.xcdatamodeld */ = {
			isa = XCVersionGroup;
			children = (
				6E0AE42F2784CC2A003529D7 /* AnagramsCD.xcdatamodel */,
			);
			currentVersion = 6E0AE42F2784CC2A003529D7 /* AnagramsCD.xcdatamodel */;
			path = AnagramsCD.xcdatamodeld;
			sourceTree = "<group>";
			versionGroupType = wrapper.xcdatamodel;
		};
/* End XCVersionGroup section */
	};
	rootObject = 6E21C9E426B86E8D00AAC439 /* Project object */;
}
